
Microsoft Visual Studio Solution File, Format Version 12.00
# Visual Studio Version 16
VisualStudioVersion = 16.0.30621.155
MinimumVisualStudioVersion = 10.0.40219.1
Project("{FAE04EC0-301F-11D3-BF4B-00C04F79EFBC}") = "ExamenDINGrupo2UI", "ExamenDINGrupo2UI\ExamenDINGrupo2UI.csproj", "{AC7A8F69-83B3-4ADF-AF2B-07D32D7FDAC4}"
EndProject
Project("{FAE04EC0-301F-11D3-BF4B-00C04F79EFBC}") = "ExamenDINGrupo2DAL", "ExamenDINGrupo2DAL\ExamenDINGrupo2DAL.csproj", "{1B99688C-0784-4787-8AB4-B0093A046871}"
EndProject
Project("{FAE04EC0-301F-11D3-BF4B-00C04F79EFBC}") = "ExamenDINGrupo2BL", "ExamenDINGrupo2BL\ExamenDINGrupo2BL.csproj", "{86B5326A-7EEC-46FC-8B09-EE6B5AA335E9}"
EndProject
Project("{FAE04EC0-301F-11D3-BF4B-00C04F79EFBC}") = "ExamenDINGrupo2Entities", "ExamenDINGrupo2Entities\ExamenDINGrupo2Entities.csproj", "{3F8FA91C-D8BA-4E83-BAB7-4D3C16148864}"
EndProject
Global
	GlobalSection(SolutionConfigurationPlatforms) = preSolution
		Debug|Any CPU = Debug|Any CPU
		Debug|ARM = Debug|ARM
		Debug|ARM64 = Debug|ARM64
		Debug|x64 = Debug|x64
		Debug|x86 = Debug|x86
		Release|Any CPU = Release|Any CPU
		Release|ARM = Release|ARM
		Release|ARM64 = Release|ARM64
		Release|x64 = Release|x64
		Release|x86 = Release|x86
	EndGlobalSection
	GlobalSection(ProjectConfigurationPlatforms) = postSolution
		{AC7A8F69-83B3-4ADF-AF2B-07D32D7FDAC4}.Debug|Any CPU.ActiveCfg = Debug|x86
		{AC7A8F69-83B3-4ADF-AF2B-07D32D7FDAC4}.Debug|ARM.ActiveCfg = Debug|ARM
		{AC7A8F69-83B3-4ADF-AF2B-07D32D7FDAC4}.Debug|ARM.Build.0 = Debug|ARM
		{AC7A8F69-83B3-4ADF-AF2B-07D32D7FDAC4}.Debug|ARM.Deploy.0 = Debug|ARM
		{AC7A8F69-83B3-4ADF-AF2B-07D32D7FDAC4}.Debug|ARM64.ActiveCfg = Debug|ARM64
		{AC7A8F69-83B3-4ADF-AF2B-07D32D7FDAC4}.Debug|ARM64.Build.0 = Debug|ARM64
		{AC7A8F69-83B3-4ADF-AF2B-07D32D7FDAC4}.Debug|ARM64.Deploy.0 = Debug|ARM64
		{AC7A8F69-83B3-4ADF-AF2B-07D32D7FDAC4}.Debug|x64.ActiveCfg = Debug|x64
		{AC7A8F69-83B3-4ADF-AF2B-07D32D7FDAC4}.Debug|x64.Build.0 = Debug|x64
		{AC7A8F69-83B3-4ADF-AF2B-07D32D7FDAC4}.Debug|x64.Deploy.0 = Debug|x64
		{AC7A8F69-83B3-4ADF-AF2B-07D32D7FDAC4}.Debug|x86.ActiveCfg = Debug|x86
		{AC7A8F69-83B3-4ADF-AF2B-07D32D7FDAC4}.Debug|x86.Build.0 = Debug|x86
		{AC7A8F69-83B3-4ADF-AF2B-07D32D7FDAC4}.Debug|x86.Deploy.0 = Debug|x86
		{AC7A8F69-83B3-4ADF-AF2B-07D32D7FDAC4}.Release|Any CPU.ActiveCfg = Release|x86
		{AC7A8F69-83B3-4ADF-AF2B-07D32D7FDAC4}.Release|ARM.ActiveCfg = Release|ARM
		{AC7A8F69-83B3-4ADF-AF2B-07D32D7FDAC4}.Release|ARM.Build.0 = Release|ARM
		{AC7A8F69-83B3-4ADF-AF2B-07D32D7FDAC4}.Release|ARM.Deploy.0 = Release|ARM
		{AC7A8F69-83B3-4ADF-AF2B-07D32D7FDAC4}.Release|ARM64.ActiveCfg = Release|ARM64
		{AC7A8F69-83B3-4ADF-AF2B-07D32D7FDAC4}.Release|ARM64.Build.0 = Release|ARM64
		{AC7A8F69-83B3-4ADF-AF2B-07D32D7FDAC4}.Release|ARM64.Deploy.0 = Release|ARM64
		{AC7A8F69-83B3-4ADF-AF2B-07D32D7FDAC4}.Release|x64.ActiveCfg = Release|x64
		{AC7A8F69-83B3-4ADF-AF2B-07D32D7FDAC4}.Release|x64.Build.0 = Release|x64
		{AC7A8F69-83B3-4ADF-AF2B-07D32D7FDAC4}.Release|x64.Deploy.0 = Release|x64
		{AC7A8F69-83B3-4ADF-AF2B-07D32D7FDAC4}.Release|x86.ActiveCfg = Release|x86
		{AC7A8F69-83B3-4ADF-AF2B-07D32D7FDAC4}.Release|x86.Build.0 = Release|x86
		{AC7A8F69-83B3-4ADF-AF2B-07D32D7FDAC4}.Release|x86.Deploy.0 = Release|x86
		{1B99688C-0784-4787-8AB4-B0093A046871}.Debug|Any CPU.ActiveCfg = Debug|Any CPU
		{1B99688C-0784-4787-8AB4-B0093A046871}.Debug|Any CPU.Build.0 = Debug|Any CPU
		{1B99688C-0784-4787-8AB4-B0093A046871}.Debug|ARM.ActiveCfg = Debug|ARM
		{1B99688C-0784-4787-8AB4-B0093A046871}.Debug|ARM.Build.0 = Debug|ARM
		{1B99688C-0784-4787-8AB4-B0093A046871}.Debug|ARM64.ActiveCfg = Debug|ARM64
		{1B99688C-0784-4787-8AB4-B0093A046871}.Debug|ARM64.Build.0 = Debug|ARM64
		{1B99688C-0784-4787-8AB4-B0093A046871}.Debug|x64.ActiveCfg = Debug|x64
		{1B99688C-0784-4787-8AB4-B0093A046871}.Debug|x64.Build.0 = Debug|x64
		{1B99688C-0784-4787-8AB4-B0093A046871}.Debug|x86.ActiveCfg = Debug|x86
		{1B99688C-0784-4787-8AB4-B0093A046871}.Debug|x86.Build.0 = Debug|x86
		{1B99688C-0784-4787-8AB4-B0093A046871}.Release|Any CPU.ActiveCfg = Release|Any CPU
		{1B99688C-0784-4787-8AB4-B0093A046871}.Release|Any CPU.Build.0 = Release|Any CPU
		{1B99688C-0784-4787-8AB4-B0093A046871}.Release|ARM.ActiveCfg = Release|ARM
		{1B99688C-0784-4787-8AB4-B0093A046871}.Release|ARM.Build.0 = Release|ARM
		{1B99688C-0784-4787-8AB4-B0093A046871}.Release|ARM64.ActiveCfg = Release|ARM64
		{1B99688C-0784-4787-8AB4-B0093A046871}.Release|ARM64.Build.0 = Release|ARM64
		{1B99688C-0784-4787-8AB4-B0093A046871}.Release|x64.ActiveCfg = Release|x64
		{1B99688C-0784-4787-8AB4-B0093A046871}.Release|x64.Build.0 = Release|x64
		{1B99688C-0784-4787-8AB4-B0093A046871}.Release|x86.ActiveCfg = Release|x86
		{1B99688C-0784-4787-8AB4-B0093A046871}.Release|x86.Build.0 = Release|x86
		{86B5326A-7EEC-46FC-8B09-EE6B5AA335E9}.Debug|Any CPU.ActiveCfg = Debug|Any CPU
		{86B5326A-7EEC-46FC-8B09-EE6B5AA335E9}.Debug|Any CPU.Build.0 = Debug|Any CPU
		{86B5326A-7EEC-46FC-8B09-EE6B5AA335E9}.Debug|ARM.ActiveCfg = Debug|ARM
		{86B5326A-7EEC-46FC-8B09-EE6B5AA335E9}.Debug|ARM.Build.0 = Debug|ARM
		{86B5326A-7EEC-46FC-8B09-EE6B5AA335E9}.Debug|ARM64.ActiveCfg = Debug|ARM64
		{86B5326A-7EEC-46FC-8B09-EE6B5AA335E9}.Debug|ARM64.Build.0 = Debug|ARM64
		{86B5326A-7EEC-46FC-8B09-EE6B5AA335E9}.Debug|x64.ActiveCfg = Debug|x64
		{86B5326A-7EEC-46FC-8B09-EE6B5AA335E9}.Debug|x64.Build.0 = Debug|x64
		{86B5326A-7EEC-46FC-8B09-EE6B5AA335E9}.Debug|x86.ActiveCfg = Debug|x86
		{86B5326A-7EEC-46FC-8B09-EE6B5AA335E9}.Debug|x86.Build.0 = Debug|x86
		{86B5326A-7EEC-46FC-8B09-EE6B5AA335E9}.Release|Any CPU.ActiveCfg = Release|Any CPU
		{86B5326A-7EEC-46FC-8B09-EE6B5AA335E9}.Release|Any CPU.Build.0 = Release|Any CPU
		{86B5326A-7EEC-46FC-8B09-EE6B5AA335E9}.Release|ARM.ActiveCfg = Release|ARM
		{86B5326A-7EEC-46FC-8B09-EE6B5AA335E9}.Release|ARM.Build.0 = Release|ARM
		{86B5326A-7EEC-46FC-8B09-EE6B5AA335E9}.Release|ARM64.ActiveCfg = Release|ARM64
		{86B5326A-7EEC-46FC-8B09-EE6B5AA335E9}.Release|ARM64.Build.0 = Release|ARM64
		{86B5326A-7EEC-46FC-8B09-EE6B5AA335E9}.Release|x64.ActiveCfg = Release|x64
		{86B5326A-7EEC-46FC-8B09-EE6B5AA335E9}.Release|x64.Build.0 = Release|x64
		{86B5326A-7EEC-46FC-8B09-EE6B5AA335E9}.Release|x86.ActiveCfg = Release|x86
		{86B5326A-7EEC-46FC-8B09-EE6B5AA335E9}.Release|x86.Build.0 = Release|x86
		{3F8FA91C-D8BA-4E83-BAB7-4D3C16148864}.Debug|Any CPU.ActiveCfg = Debug|Any CPU
		{3F8FA91C-D8BA-4E83-BAB7-4D3C16148864}.Debug|Any CPU.Build.0 = Debug|Any CPU
		{3F8FA91C-D8BA-4E83-BAB7-4D3C16148864}.Debug|ARM.ActiveCfg = Debug|ARM
		{3F8FA91C-D8BA-4E83-BAB7-4D3C16148864}.Debug|ARM.Build.0 = Debug|ARM
		{3F8FA91C-D8BA-4E83-BAB7-4D3C16148864}.Debug|ARM64.ActiveCfg = Debug|ARM64
		{3F8FA91C-D8BA-4E83-BAB7-4D3C16148864}.Debug|ARM64.Build.0 = Debug|ARM64
		{3F8FA91C-D8BA-4E83-BAB7-4D3C16148864}.Debug|x64.ActiveCfg = Debug|x64
		{3F8FA91C-D8BA-4E83-BAB7-4D3C16148864}.Debug|x64.Build.0 = Debug|x64
		{3F8FA91C-D8BA-4E83-BAB7-4D3C16148864}.Debug|x86.ActiveCfg = Debug|x86
		{3F8FA91C-D8BA-4E83-BAB7-4D3C16148864}.Debug|x86.Build.0 = Debug|x86
		{3F8FA91C-D8BA-4E83-BAB7-4D3C16148864}.Release|Any CPU.ActiveCfg = Release|Any CPU
		{3F8FA91C-D8BA-4E83-BAB7-4D3C16148864}.Release|Any CPU.Build.0 = Release|Any CPU
		{3F8FA91C-D8BA-4E83-BAB7-4D3C16148864}.Release|ARM.ActiveCfg = Release|ARM
		{3F8FA91C-D8BA-4E83-BAB7-4D3C16148864}.Release|ARM.Build.0 = Release|ARM
		{3F8FA91C-D8BA-4E83-BAB7-4D3C16148864}.Release|ARM64.ActiveCfg = Release|ARM64
		{3F8FA91C-D8BA-4E83-BAB7-4D3C16148864}.Release|ARM64.Build.0 = Release|ARM64
		{3F8FA91C-D8BA-4E83-BAB7-4D3C16148864}.Release|x64.ActiveCfg = Release|x64
		{3F8FA91C-D8BA-4E83-BAB7-4D3C16148864}.Release|x64.Build.0 = Release|x64
		{3F8FA91C-D8BA-4E83-BAB7-4D3C16148864}.Release|x86.ActiveCfg = Release|x86
		{3F8FA91C-D8BA-4E83-BAB7-4D3C16148864}.Release|x86.Build.0 = Release|x86
	EndGlobalSection
	GlobalSection(SolutionProperties) = preSolution
		HideSolutionNode = FALSE
	EndGlobalSection
	GlobalSection(ExtensibilityGlobals) = postSolution
		SolutionGuid = {D2B9C724-C1AF-4735-8BA5-82197A480E3E}
	EndGlobalSection
EndGlobal
