
Microsoft Visual Studio Solution File, Format Version 12.00
# Visual Studio Version 16
VisualStudioVersion = 16.0.30621.155
MinimumVisualStudioVersion = 10.0.40219.1
Project("{FAE04EC0-301F-11D3-BF4B-00C04F79EFBC}") = "CRUDXamarinUI.UWP", "CRUDXamarinUI\CRUDXamarinUI.UWP\CRUDXamarinUI.UWP.csproj", "{D9CD90D7-9893-43CC-9B55-67E362EC88FD}"
EndProject
Project("{FAE04EC0-301F-11D3-BF4B-00C04F79EFBC}") = "CRUDXamarinUI.Android", "CRUDXamarinUI\CRUDXamarinUI.Android\CRUDXamarinUI.Android.csproj", "{42D0C26B-D1D0-4D6F-9BD0-54A7B1AB2DAA}"
EndProject
Project("{FAE04EC0-301F-11D3-BF4B-00C04F79EFBC}") = "CRUDXamarinUI.iOS", "CRUDXamarinUI\CRUDXamarinUI.iOS\CRUDXamarinUI.iOS.csproj", "{DB2D1803-C886-426B-B11E-ADB899BB5AE5}"
EndProject
Project("{9A19103F-16F7-4668-BE54-9A1E7A4F7556}") = "CRUDXamarinUI", "CRUDXamarinUI\CRUDXamarinUI\CRUDXamarinUI.csproj", "{8443930D-83BB-4991-B802-59F4FCB0631A}"
EndProject
Project("{9A19103F-16F7-4668-BE54-9A1E7A4F7556}") = "CRUDXamarinEntities", "CRUDXamarinEntities\CRUDXamarinEntities.csproj", "{F2BC2E72-F1A6-41C9-93DD-4F357374EC93}"
EndProject
Project("{9A19103F-16F7-4668-BE54-9A1E7A4F7556}") = "CRUDXamarinDAL", "CRUDXamarinDAL\CRUDXamarinDAL.csproj", "{D42297A4-E5FB-4497-B2E9-BC843F2CFFBB}"
EndProject
Project("{9A19103F-16F7-4668-BE54-9A1E7A4F7556}") = "CRUDXamarinBL", "CRUDXamarinBL\CRUDXamarinBL.csproj", "{AD4EDDA7-AD26-4904-9AB0-6CF34A4461B2}"
EndProject
Project("{2150E333-8FDC-42A3-9474-1A3956D46DE8}") = "Solution Items", "Solution Items", "{EFC70E8C-0A60-4A30-B135-EE18A99DE9F2}"
	ProjectSection(SolutionItems) = preProject
		.editorconfig = .editorconfig
	EndProjectSection
EndProject
Global
	GlobalSection(SolutionConfigurationPlatforms) = preSolution
		Debug|Any CPU = Debug|Any CPU
		Debug|ARM = Debug|ARM
		Debug|iPhone = Debug|iPhone
		Debug|iPhoneSimulator = Debug|iPhoneSimulator
		Debug|x64 = Debug|x64
		Debug|x86 = Debug|x86
		Release|Any CPU = Release|Any CPU
		Release|ARM = Release|ARM
		Release|iPhone = Release|iPhone
		Release|iPhoneSimulator = Release|iPhoneSimulator
		Release|x64 = Release|x64
		Release|x86 = Release|x86
	EndGlobalSection
	GlobalSection(ProjectConfigurationPlatforms) = postSolution
		{D9CD90D7-9893-43CC-9B55-67E362EC88FD}.Debug|Any CPU.ActiveCfg = Debug|x86
		{D9CD90D7-9893-43CC-9B55-67E362EC88FD}.Debug|Any CPU.Build.0 = Debug|x86
		{D9CD90D7-9893-43CC-9B55-67E362EC88FD}.Debug|Any CPU.Deploy.0 = Debug|x86
		{D9CD90D7-9893-43CC-9B55-67E362EC88FD}.Debug|ARM.ActiveCfg = Debug|ARM
		{D9CD90D7-9893-43CC-9B55-67E362EC88FD}.Debug|ARM.Build.0 = Debug|ARM
		{D9CD90D7-9893-43CC-9B55-67E362EC88FD}.Debug|ARM.Deploy.0 = Debug|ARM
		{D9CD90D7-9893-43CC-9B55-67E362EC88FD}.Debug|iPhone.ActiveCfg = Debug|x86
		{D9CD90D7-9893-43CC-9B55-67E362EC88FD}.Debug|iPhone.Build.0 = Debug|x86
		{D9CD90D7-9893-43CC-9B55-67E362EC88FD}.Debug|iPhone.Deploy.0 = Debug|x86
		{D9CD90D7-9893-43CC-9B55-67E362EC88FD}.Debug|iPhoneSimulator.ActiveCfg = Debug|x86
		{D9CD90D7-9893-43CC-9B55-67E362EC88FD}.Debug|iPhoneSimulator.Build.0 = Debug|x86
		{D9CD90D7-9893-43CC-9B55-67E362EC88FD}.Debug|iPhoneSimulator.Deploy.0 = Debug|x86
		{D9CD90D7-9893-43CC-9B55-67E362EC88FD}.Debug|x64.ActiveCfg = Debug|x64
		{D9CD90D7-9893-43CC-9B55-67E362EC88FD}.Debug|x64.Build.0 = Debug|x64
		{D9CD90D7-9893-43CC-9B55-67E362EC88FD}.Debug|x64.Deploy.0 = Debug|x64
		{D9CD90D7-9893-43CC-9B55-67E362EC88FD}.Debug|x86.ActiveCfg = Debug|x86
		{D9CD90D7-9893-43CC-9B55-67E362EC88FD}.Debug|x86.Build.0 = Debug|x86
		{D9CD90D7-9893-43CC-9B55-67E362EC88FD}.Debug|x86.Deploy.0 = Debug|x86
		{D9CD90D7-9893-43CC-9B55-67E362EC88FD}.Release|Any CPU.ActiveCfg = Release|x86
		{D9CD90D7-9893-43CC-9B55-67E362EC88FD}.Release|Any CPU.Build.0 = Release|x86
		{D9CD90D7-9893-43CC-9B55-67E362EC88FD}.Release|Any CPU.Deploy.0 = Release|x86
		{D9CD90D7-9893-43CC-9B55-67E362EC88FD}.Release|ARM.ActiveCfg = Release|ARM
		{D9CD90D7-9893-43CC-9B55-67E362EC88FD}.Release|ARM.Build.0 = Release|ARM
		{D9CD90D7-9893-43CC-9B55-67E362EC88FD}.Release|ARM.Deploy.0 = Release|ARM
		{D9CD90D7-9893-43CC-9B55-67E362EC88FD}.Release|iPhone.ActiveCfg = Release|x86
		{D9CD90D7-9893-43CC-9B55-67E362EC88FD}.Release|iPhone.Build.0 = Release|x86
		{D9CD90D7-9893-43CC-9B55-67E362EC88FD}.Release|iPhone.Deploy.0 = Release|x86
		{D9CD90D7-9893-43CC-9B55-67E362EC88FD}.Release|iPhoneSimulator.ActiveCfg = Release|x86
		{D9CD90D7-9893-43CC-9B55-67E362EC88FD}.Release|iPhoneSimulator.Build.0 = Release|x86
		{D9CD90D7-9893-43CC-9B55-67E362EC88FD}.Release|iPhoneSimulator.Deploy.0 = Release|x86
		{D9CD90D7-9893-43CC-9B55-67E362EC88FD}.Release|x64.ActiveCfg = Release|x64
		{D9CD90D7-9893-43CC-9B55-67E362EC88FD}.Release|x64.Build.0 = Release|x64
		{D9CD90D7-9893-43CC-9B55-67E362EC88FD}.Release|x64.Deploy.0 = Release|x64
		{D9CD90D7-9893-43CC-9B55-67E362EC88FD}.Release|x86.ActiveCfg = Release|x86
		{D9CD90D7-9893-43CC-9B55-67E362EC88FD}.Release|x86.Build.0 = Release|x86
		{D9CD90D7-9893-43CC-9B55-67E362EC88FD}.Release|x86.Deploy.0 = Release|x86
		{42D0C26B-D1D0-4D6F-9BD0-54A7B1AB2DAA}.Debug|Any CPU.ActiveCfg = Debug|Any CPU
		{42D0C26B-D1D0-4D6F-9BD0-54A7B1AB2DAA}.Debug|Any CPU.Build.0 = Debug|Any CPU
		{42D0C26B-D1D0-4D6F-9BD0-54A7B1AB2DAA}.Debug|Any CPU.Deploy.0 = Debug|Any CPU
		{42D0C26B-D1D0-4D6F-9BD0-54A7B1AB2DAA}.Debug|ARM.ActiveCfg = Debug|Any CPU
		{42D0C26B-D1D0-4D6F-9BD0-54A7B1AB2DAA}.Debug|ARM.Build.0 = Debug|Any CPU
		{42D0C26B-D1D0-4D6F-9BD0-54A7B1AB2DAA}.Debug|ARM.Deploy.0 = Debug|Any CPU
		{42D0C26B-D1D0-4D6F-9BD0-54A7B1AB2DAA}.Debug|iPhone.ActiveCfg = Debug|Any CPU
		{42D0C26B-D1D0-4D6F-9BD0-54A7B1AB2DAA}.Debug|iPhone.Build.0 = Debug|Any CPU
		{42D0C26B-D1D0-4D6F-9BD0-54A7B1AB2DAA}.Debug|iPhone.Deploy.0 = Debug|Any CPU
		{42D0C26B-D1D0-4D6F-9BD0-54A7B1AB2DAA}.Debug|iPhoneSimulator.ActiveCfg = Debug|Any CPU
		{42D0C26B-D1D0-4D6F-9BD0-54A7B1AB2DAA}.Debug|iPhoneSimulator.Build.0 = Debug|Any CPU
		{42D0C26B-D1D0-4D6F-9BD0-54A7B1AB2DAA}.Debug|iPhoneSimulator.Deploy.0 = Debug|Any CPU
		{42D0C26B-D1D0-4D6F-9BD0-54A7B1AB2DAA}.Debug|x64.ActiveCfg = Debug|Any CPU
		{42D0C26B-D1D0-4D6F-9BD0-54A7B1AB2DAA}.Debug|x64.Build.0 = Debug|Any CPU
		{42D0C26B-D1D0-4D6F-9BD0-54A7B1AB2DAA}.Debug|x64.Deploy.0 = Debug|Any CPU
		{42D0C26B-D1D0-4D6F-9BD0-54A7B1AB2DAA}.Debug|x86.ActiveCfg = Debug|Any CPU
		{42D0C26B-D1D0-4D6F-9BD0-54A7B1AB2DAA}.Debug|x86.Build.0 = Debug|Any CPU
		{42D0C26B-D1D0-4D6F-9BD0-54A7B1AB2DAA}.Debug|x86.Deploy.0 = Debug|Any CPU
		{42D0C26B-D1D0-4D6F-9BD0-54A7B1AB2DAA}.Release|Any CPU.ActiveCfg = Release|Any CPU
		{42D0C26B-D1D0-4D6F-9BD0-54A7B1AB2DAA}.Release|Any CPU.Build.0 = Release|Any CPU
		{42D0C26B-D1D0-4D6F-9BD0-54A7B1AB2DAA}.Release|Any CPU.Deploy.0 = Release|Any CPU
		{42D0C26B-D1D0-4D6F-9BD0-54A7B1AB2DAA}.Release|ARM.ActiveCfg = Release|Any CPU
		{42D0C26B-D1D0-4D6F-9BD0-54A7B1AB2DAA}.Release|ARM.Build.0 = Release|Any CPU
		{42D0C26B-D1D0-4D6F-9BD0-54A7B1AB2DAA}.Release|ARM.Deploy.0 = Release|Any CPU
		{42D0C26B-D1D0-4D6F-9BD0-54A7B1AB2DAA}.Release|iPhone.ActiveCfg = Release|Any CPU
		{42D0C26B-D1D0-4D6F-9BD0-54A7B1AB2DAA}.Release|iPhone.Build.0 = Release|Any CPU
		{42D0C26B-D1D0-4D6F-9BD0-54A7B1AB2DAA}.Release|iPhone.Deploy.0 = Release|Any CPU
		{42D0C26B-D1D0-4D6F-9BD0-54A7B1AB2DAA}.Release|iPhoneSimulator.ActiveCfg = Release|Any CPU
		{42D0C26B-D1D0-4D6F-9BD0-54A7B1AB2DAA}.Release|iPhoneSimulator.Build.0 = Release|Any CPU
		{42D0C26B-D1D0-4D6F-9BD0-54A7B1AB2DAA}.Release|iPhoneSimulator.Deploy.0 = Release|Any CPU
		{42D0C26B-D1D0-4D6F-9BD0-54A7B1AB2DAA}.Release|x64.ActiveCfg = Release|Any CPU
		{42D0C26B-D1D0-4D6F-9BD0-54A7B1AB2DAA}.Release|x64.Build.0 = Release|Any CPU
		{42D0C26B-D1D0-4D6F-9BD0-54A7B1AB2DAA}.Release|x64.Deploy.0 = Release|Any CPU
		{42D0C26B-D1D0-4D6F-9BD0-54A7B1AB2DAA}.Release|x86.ActiveCfg = Release|Any CPU
		{42D0C26B-D1D0-4D6F-9BD0-54A7B1AB2DAA}.Release|x86.Build.0 = Release|Any CPU
		{42D0C26B-D1D0-4D6F-9BD0-54A7B1AB2DAA}.Release|x86.Deploy.0 = Release|Any CPU
		{DB2D1803-C886-426B-B11E-ADB899BB5AE5}.Debug|Any CPU.ActiveCfg = Debug|iPhoneSimulator
		{DB2D1803-C886-426B-B11E-ADB899BB5AE5}.Debug|Any CPU.Build.0 = Debug|iPhoneSimulator
		{DB2D1803-C886-426B-B11E-ADB899BB5AE5}.Debug|Any CPU.Deploy.0 = Debug|iPhoneSimulator
		{DB2D1803-C886-426B-B11E-ADB899BB5AE5}.Debug|ARM.ActiveCfg = Debug|iPhone
		{DB2D1803-C886-426B-B11E-ADB899BB5AE5}.Debug|ARM.Build.0 = Debug|iPhone
		{DB2D1803-C886-426B-B11E-ADB899BB5AE5}.Debug|ARM.Deploy.0 = Debug|iPhone
		{DB2D1803-C886-426B-B11E-ADB899BB5AE5}.Debug|iPhone.ActiveCfg = Debug|iPhone
		{DB2D1803-C886-426B-B11E-ADB899BB5AE5}.Debug|iPhone.Build.0 = Debug|iPhone
		{DB2D1803-C886-426B-B11E-ADB899BB5AE5}.Debug|iPhone.Deploy.0 = Debug|iPhone
		{DB2D1803-C886-426B-B11E-ADB899BB5AE5}.Debug|iPhoneSimulator.ActiveCfg = Debug|iPhoneSimulator
		{DB2D1803-C886-426B-B11E-ADB899BB5AE5}.Debug|iPhoneSimulator.Build.0 = Debug|iPhoneSimulator
		{DB2D1803-C886-426B-B11E-ADB899BB5AE5}.Debug|iPhoneSimulator.Deploy.0 = Debug|iPhoneSimulator
		{DB2D1803-C886-426B-B11E-ADB899BB5AE5}.Debug|x64.ActiveCfg = Debug|iPhoneSimulator
		{DB2D1803-C886-426B-B11E-ADB899BB5AE5}.Debug|x64.Build.0 = Debug|iPhoneSimulator
		{DB2D1803-C886-426B-B11E-ADB899BB5AE5}.Debug|x64.Deploy.0 = Debug|iPhoneSimulator
		{DB2D1803-C886-426B-B11E-ADB899BB5AE5}.Debug|x86.ActiveCfg = Debug|iPhoneSimulator
		{DB2D1803-C886-426B-B11E-ADB899BB5AE5}.Debug|x86.Build.0 = Debug|iPhoneSimulator
		{DB2D1803-C886-426B-B11E-ADB899BB5AE5}.Debug|x86.Deploy.0 = Debug|iPhoneSimulator
		{DB2D1803-C886-426B-B11E-ADB899BB5AE5}.Release|Any CPU.ActiveCfg = Release|iPhoneSimulator
		{DB2D1803-C886-426B-B11E-ADB899BB5AE5}.Release|Any CPU.Build.0 = Release|iPhoneSimulator
		{DB2D1803-C886-426B-B11E-ADB899BB5AE5}.Release|Any CPU.Deploy.0 = Release|iPhoneSimulator
		{DB2D1803-C886-426B-B11E-ADB899BB5AE5}.Release|ARM.ActiveCfg = Release|iPhoneSimulator
		{DB2D1803-C886-426B-B11E-ADB899BB5AE5}.Release|ARM.Build.0 = Release|iPhoneSimulator
		{DB2D1803-C886-426B-B11E-ADB899BB5AE5}.Release|ARM.Deploy.0 = Release|iPhoneSimulator
		{DB2D1803-C886-426B-B11E-ADB899BB5AE5}.Release|iPhone.ActiveCfg = Release|iPhone
		{DB2D1803-C886-426B-B11E-ADB899BB5AE5}.Release|iPhone.Build.0 = Release|iPhone
		{DB2D1803-C886-426B-B11E-ADB899BB5AE5}.Release|iPhone.Deploy.0 = Release|iPhone
		{DB2D1803-C886-426B-B11E-ADB899BB5AE5}.Release|iPhoneSimulator.ActiveCfg = Release|iPhoneSimulator
		{DB2D1803-C886-426B-B11E-ADB899BB5AE5}.Release|iPhoneSimulator.Build.0 = Release|iPhoneSimulator
		{DB2D1803-C886-426B-B11E-ADB899BB5AE5}.Release|iPhoneSimulator.Deploy.0 = Release|iPhoneSimulator
		{DB2D1803-C886-426B-B11E-ADB899BB5AE5}.Release|x64.ActiveCfg = Release|iPhoneSimulator
		{DB2D1803-C886-426B-B11E-ADB899BB5AE5}.Release|x64.Build.0 = Release|iPhoneSimulator
		{DB2D1803-C886-426B-B11E-ADB899BB5AE5}.Release|x64.Deploy.0 = Release|iPhoneSimulator
		{DB2D1803-C886-426B-B11E-ADB899BB5AE5}.Release|x86.ActiveCfg = Release|iPhoneSimulator
		{DB2D1803-C886-426B-B11E-ADB899BB5AE5}.Release|x86.Build.0 = Release|iPhoneSimulator
		{DB2D1803-C886-426B-B11E-ADB899BB5AE5}.Release|x86.Deploy.0 = Release|iPhoneSimulator
		{8443930D-83BB-4991-B802-59F4FCB0631A}.Debug|Any CPU.ActiveCfg = Debug|Any CPU
		{8443930D-83BB-4991-B802-59F4FCB0631A}.Debug|Any CPU.Build.0 = Debug|Any CPU
		{8443930D-83BB-4991-B802-59F4FCB0631A}.Debug|Any CPU.Deploy.0 = Debug|Any CPU
		{8443930D-83BB-4991-B802-59F4FCB0631A}.Debug|ARM.ActiveCfg = Debug|Any CPU
		{8443930D-83BB-4991-B802-59F4FCB0631A}.Debug|ARM.Build.0 = Debug|Any CPU
		{8443930D-83BB-4991-B802-59F4FCB0631A}.Debug|ARM.Deploy.0 = Debug|Any CPU
		{8443930D-83BB-4991-B802-59F4FCB0631A}.Debug|iPhone.ActiveCfg = Debug|Any CPU
		{8443930D-83BB-4991-B802-59F4FCB0631A}.Debug|iPhone.Build.0 = Debug|Any CPU
		{8443930D-83BB-4991-B802-59F4FCB0631A}.Debug|iPhone.Deploy.0 = Debug|Any CPU
		{8443930D-83BB-4991-B802-59F4FCB0631A}.Debug|iPhoneSimulator.ActiveCfg = Debug|Any CPU
		{8443930D-83BB-4991-B802-59F4FCB0631A}.Debug|iPhoneSimulator.Build.0 = Debug|Any CPU
		{8443930D-83BB-4991-B802-59F4FCB0631A}.Debug|iPhoneSimulator.Deploy.0 = Debug|Any CPU
		{8443930D-83BB-4991-B802-59F4FCB0631A}.Debug|x64.ActiveCfg = Debug|Any CPU
		{8443930D-83BB-4991-B802-59F4FCB0631A}.Debug|x64.Build.0 = Debug|Any CPU
		{8443930D-83BB-4991-B802-59F4FCB0631A}.Debug|x64.Deploy.0 = Debug|Any CPU
		{8443930D-83BB-4991-B802-59F4FCB0631A}.Debug|x86.ActiveCfg = Debug|Any CPU
		{8443930D-83BB-4991-B802-59F4FCB0631A}.Debug|x86.Build.0 = Debug|Any CPU
		{8443930D-83BB-4991-B802-59F4FCB0631A}.Debug|x86.Deploy.0 = Debug|Any CPU
		{8443930D-83BB-4991-B802-59F4FCB0631A}.Release|Any CPU.ActiveCfg = Release|Any CPU
		{8443930D-83BB-4991-B802-59F4FCB0631A}.Release|Any CPU.Build.0 = Release|Any CPU
		{8443930D-83BB-4991-B802-59F4FCB0631A}.Release|Any CPU.Deploy.0 = Release|Any CPU
		{8443930D-83BB-4991-B802-59F4FCB0631A}.Release|ARM.ActiveCfg = Release|Any CPU
		{8443930D-83BB-4991-B802-59F4FCB0631A}.Release|ARM.Build.0 = Release|Any CPU
		{8443930D-83BB-4991-B802-59F4FCB0631A}.Release|ARM.Deploy.0 = Release|Any CPU
		{8443930D-83BB-4991-B802-59F4FCB0631A}.Release|iPhone.ActiveCfg = Release|Any CPU
		{8443930D-83BB-4991-B802-59F4FCB0631A}.Release|iPhone.Build.0 = Release|Any CPU
		{8443930D-83BB-4991-B802-59F4FCB0631A}.Release|iPhone.Deploy.0 = Release|Any CPU
		{8443930D-83BB-4991-B802-59F4FCB0631A}.Release|iPhoneSimulator.ActiveCfg = Release|Any CPU
		{8443930D-83BB-4991-B802-59F4FCB0631A}.Release|iPhoneSimulator.Build.0 = Release|Any CPU
		{8443930D-83BB-4991-B802-59F4FCB0631A}.Release|iPhoneSimulator.Deploy.0 = Release|Any CPU
		{8443930D-83BB-4991-B802-59F4FCB0631A}.Release|x64.ActiveCfg = Release|Any CPU
		{8443930D-83BB-4991-B802-59F4FCB0631A}.Release|x64.Build.0 = Release|Any CPU
		{8443930D-83BB-4991-B802-59F4FCB0631A}.Release|x64.Deploy.0 = Release|Any CPU
		{8443930D-83BB-4991-B802-59F4FCB0631A}.Release|x86.ActiveCfg = Release|Any CPU
		{8443930D-83BB-4991-B802-59F4FCB0631A}.Release|x86.Build.0 = Release|Any CPU
		{8443930D-83BB-4991-B802-59F4FCB0631A}.Release|x86.Deploy.0 = Release|Any CPU
		{F2BC2E72-F1A6-41C9-93DD-4F357374EC93}.Debug|Any CPU.ActiveCfg = Debug|Any CPU
		{F2BC2E72-F1A6-41C9-93DD-4F357374EC93}.Debug|Any CPU.Build.0 = Debug|Any CPU
		{F2BC2E72-F1A6-41C9-93DD-4F357374EC93}.Debug|ARM.ActiveCfg = Debug|Any CPU
		{F2BC2E72-F1A6-41C9-93DD-4F357374EC93}.Debug|ARM.Build.0 = Debug|Any CPU
		{F2BC2E72-F1A6-41C9-93DD-4F357374EC93}.Debug|iPhone.ActiveCfg = Debug|Any CPU
		{F2BC2E72-F1A6-41C9-93DD-4F357374EC93}.Debug|iPhone.Build.0 = Debug|Any CPU
		{F2BC2E72-F1A6-41C9-93DD-4F357374EC93}.Debug|iPhoneSimulator.ActiveCfg = Debug|Any CPU
		{F2BC2E72-F1A6-41C9-93DD-4F357374EC93}.Debug|iPhoneSimulator.Build.0 = Debug|Any CPU
		{F2BC2E72-F1A6-41C9-93DD-4F357374EC93}.Debug|x64.ActiveCfg = Debug|Any CPU
		{F2BC2E72-F1A6-41C9-93DD-4F357374EC93}.Debug|x64.Build.0 = Debug|Any CPU
		{F2BC2E72-F1A6-41C9-93DD-4F357374EC93}.Debug|x86.ActiveCfg = Debug|Any CPU
		{F2BC2E72-F1A6-41C9-93DD-4F357374EC93}.Debug|x86.Build.0 = Debug|Any CPU
		{F2BC2E72-F1A6-41C9-93DD-4F357374EC93}.Release|Any CPU.ActiveCfg = Release|Any CPU
		{F2BC2E72-F1A6-41C9-93DD-4F357374EC93}.Release|Any CPU.Build.0 = Release|Any CPU
		{F2BC2E72-F1A6-41C9-93DD-4F357374EC93}.Release|ARM.ActiveCfg = Release|Any CPU
		{F2BC2E72-F1A6-41C9-93DD-4F357374EC93}.Release|ARM.Build.0 = Release|Any CPU
		{F2BC2E72-F1A6-41C9-93DD-4F357374EC93}.Release|iPhone.ActiveCfg = Release|Any CPU
		{F2BC2E72-F1A6-41C9-93DD-4F357374EC93}.Release|iPhone.Build.0 = Release|Any CPU
		{F2BC2E72-F1A6-41C9-93DD-4F357374EC93}.Release|iPhoneSimulator.ActiveCfg = Release|Any CPU
		{F2BC2E72-F1A6-41C9-93DD-4F357374EC93}.Release|iPhoneSimulator.Build.0 = Release|Any CPU
		{F2BC2E72-F1A6-41C9-93DD-4F357374EC93}.Release|x64.ActiveCfg = Release|Any CPU
		{F2BC2E72-F1A6-41C9-93DD-4F357374EC93}.Release|x64.Build.0 = Release|Any CPU
		{F2BC2E72-F1A6-41C9-93DD-4F357374EC93}.Release|x86.ActiveCfg = Release|Any CPU
		{F2BC2E72-F1A6-41C9-93DD-4F357374EC93}.Release|x86.Build.0 = Release|Any CPU
		{D42297A4-E5FB-4497-B2E9-BC843F2CFFBB}.Debug|Any CPU.ActiveCfg = Debug|Any CPU
		{D42297A4-E5FB-4497-B2E9-BC843F2CFFBB}.Debug|Any CPU.Build.0 = Debug|Any CPU
		{D42297A4-E5FB-4497-B2E9-BC843F2CFFBB}.Debug|ARM.ActiveCfg = Debug|Any CPU
		{D42297A4-E5FB-4497-B2E9-BC843F2CFFBB}.Debug|ARM.Build.0 = Debug|Any CPU
		{D42297A4-E5FB-4497-B2E9-BC843F2CFFBB}.Debug|iPhone.ActiveCfg = Debug|Any CPU
		{D42297A4-E5FB-4497-B2E9-BC843F2CFFBB}.Debug|iPhone.Build.0 = Debug|Any CPU
		{D42297A4-E5FB-4497-B2E9-BC843F2CFFBB}.Debug|iPhoneSimulator.ActiveCfg = Debug|Any CPU
		{D42297A4-E5FB-4497-B2E9-BC843F2CFFBB}.Debug|iPhoneSimulator.Build.0 = Debug|Any CPU
		{D42297A4-E5FB-4497-B2E9-BC843F2CFFBB}.Debug|x64.ActiveCfg = Debug|Any CPU
		{D42297A4-E5FB-4497-B2E9-BC843F2CFFBB}.Debug|x64.Build.0 = Debug|Any CPU
		{D42297A4-E5FB-4497-B2E9-BC843F2CFFBB}.Debug|x86.ActiveCfg = Debug|Any CPU
		{D42297A4-E5FB-4497-B2E9-BC843F2CFFBB}.Debug|x86.Build.0 = Debug|Any CPU
		{D42297A4-E5FB-4497-B2E9-BC843F2CFFBB}.Release|Any CPU.ActiveCfg = Release|Any CPU
		{D42297A4-E5FB-4497-B2E9-BC843F2CFFBB}.Release|Any CPU.Build.0 = Release|Any CPU
		{D42297A4-E5FB-4497-B2E9-BC843F2CFFBB}.Release|ARM.ActiveCfg = Release|Any CPU
		{D42297A4-E5FB-4497-B2E9-BC843F2CFFBB}.Release|ARM.Build.0 = Release|Any CPU
		{D42297A4-E5FB-4497-B2E9-BC843F2CFFBB}.Release|iPhone.ActiveCfg = Release|Any CPU
		{D42297A4-E5FB-4497-B2E9-BC843F2CFFBB}.Release|iPhone.Build.0 = Release|Any CPU
		{D42297A4-E5FB-4497-B2E9-BC843F2CFFBB}.Release|iPhoneSimulator.ActiveCfg = Release|Any CPU
		{D42297A4-E5FB-4497-B2E9-BC843F2CFFBB}.Release|iPhoneSimulator.Build.0 = Release|Any CPU
		{D42297A4-E5FB-4497-B2E9-BC843F2CFFBB}.Release|x64.ActiveCfg = Release|Any CPU
		{D42297A4-E5FB-4497-B2E9-BC843F2CFFBB}.Release|x64.Build.0 = Release|Any CPU
		{D42297A4-E5FB-4497-B2E9-BC843F2CFFBB}.Release|x86.ActiveCfg = Release|Any CPU
		{D42297A4-E5FB-4497-B2E9-BC843F2CFFBB}.Release|x86.Build.0 = Release|Any CPU
		{AD4EDDA7-AD26-4904-9AB0-6CF34A4461B2}.Debug|Any CPU.ActiveCfg = Debug|Any CPU
		{AD4EDDA7-AD26-4904-9AB0-6CF34A4461B2}.Debug|Any CPU.Build.0 = Debug|Any CPU
		{AD4EDDA7-AD26-4904-9AB0-6CF34A4461B2}.Debug|ARM.ActiveCfg = Debug|Any CPU
		{AD4EDDA7-AD26-4904-9AB0-6CF34A4461B2}.Debug|ARM.Build.0 = Debug|Any CPU
		{AD4EDDA7-AD26-4904-9AB0-6CF34A4461B2}.Debug|iPhone.ActiveCfg = Debug|Any CPU
		{AD4EDDA7-AD26-4904-9AB0-6CF34A4461B2}.Debug|iPhone.Build.0 = Debug|Any CPU
		{AD4EDDA7-AD26-4904-9AB0-6CF34A4461B2}.Debug|iPhoneSimulator.ActiveCfg = Debug|Any CPU
		{AD4EDDA7-AD26-4904-9AB0-6CF34A4461B2}.Debug|iPhoneSimulator.Build.0 = Debug|Any CPU
		{AD4EDDA7-AD26-4904-9AB0-6CF34A4461B2}.Debug|x64.ActiveCfg = Debug|Any CPU
		{AD4EDDA7-AD26-4904-9AB0-6CF34A4461B2}.Debug|x64.Build.0 = Debug|Any CPU
		{AD4EDDA7-AD26-4904-9AB0-6CF34A4461B2}.Debug|x86.ActiveCfg = Debug|Any CPU
		{AD4EDDA7-AD26-4904-9AB0-6CF34A4461B2}.Debug|x86.Build.0 = Debug|Any CPU
		{AD4EDDA7-AD26-4904-9AB0-6CF34A4461B2}.Release|Any CPU.ActiveCfg = Release|Any CPU
		{AD4EDDA7-AD26-4904-9AB0-6CF34A4461B2}.Release|Any CPU.Build.0 = Release|Any CPU
		{AD4EDDA7-AD26-4904-9AB0-6CF34A4461B2}.Release|ARM.ActiveCfg = Release|Any CPU
		{AD4EDDA7-AD26-4904-9AB0-6CF34A4461B2}.Release|ARM.Build.0 = Release|Any CPU
		{AD4EDDA7-AD26-4904-9AB0-6CF34A4461B2}.Release|iPhone.ActiveCfg = Release|Any CPU
		{AD4EDDA7-AD26-4904-9AB0-6CF34A4461B2}.Release|iPhone.Build.0 = Release|Any CPU
		{AD4EDDA7-AD26-4904-9AB0-6CF34A4461B2}.Release|iPhoneSimulator.ActiveCfg = Release|Any CPU
		{AD4EDDA7-AD26-4904-9AB0-6CF34A4461B2}.Release|iPhoneSimulator.Build.0 = Release|Any CPU
		{AD4EDDA7-AD26-4904-9AB0-6CF34A4461B2}.Release|x64.ActiveCfg = Release|Any CPU
		{AD4EDDA7-AD26-4904-9AB0-6CF34A4461B2}.Release|x64.Build.0 = Release|Any CPU
		{AD4EDDA7-AD26-4904-9AB0-6CF34A4461B2}.Release|x86.ActiveCfg = Release|Any CPU
		{AD4EDDA7-AD26-4904-9AB0-6CF34A4461B2}.Release|x86.Build.0 = Release|Any CPU
	EndGlobalSection
	GlobalSection(SolutionProperties) = preSolution
		HideSolutionNode = FALSE
	EndGlobalSection
	GlobalSection(ExtensibilityGlobals) = postSolution
		SolutionGuid = {4F4EE69C-59D4-4352-94FB-9C380DB5ED78}
	EndGlobalSection
EndGlobal
