
Microsoft Visual Studio Solution File, Format Version 12.00
# Visual Studio Version 16
VisualStudioVersion = 16.0.30621.155
MinimumVisualStudioVersion = 10.0.40219.1
Project("{FAE04EC0-301F-11D3-BF4B-00C04F79EFBC}") = "12ResourcesE1", "12ResourcesE1\12ResourcesE1.csproj", "{0236C272-7C85-48B1-8F65-63B4254713C8}"
EndProject
Project("{FAE04EC0-301F-11D3-BF4B-00C04F79EFBC}") = "12ResourcesE2", "12ResourcesE2\12ResourcesE2.csproj", "{3BB245F9-9F1B-43C3-9925-5FAD64A2A2E4}"
EndProject
Project("{FAE04EC0-301F-11D3-BF4B-00C04F79EFBC}") = "12ResourcesE3", "12ResourcesE3\12ResourcesE3.csproj", "{A96ED1A1-908B-4406-A146-9A1BB28CD3C6}"
EndProject
Project("{FAE04EC0-301F-11D3-BF4B-00C04F79EFBC}") = "12ResourcesE5", "12ResourcesE5\12ResourcesE5.csproj", "{E4EFDC49-A93B-4A9D-B39D-967546CA3E8B}"
EndProject
Global
	GlobalSection(SolutionConfigurationPlatforms) = preSolution
		Debug|ARM = Debug|ARM
		Debug|ARM64 = Debug|ARM64
		Debug|x64 = Debug|x64
		Debug|x86 = Debug|x86
		Release|ARM = Release|ARM
		Release|ARM64 = Release|ARM64
		Release|x64 = Release|x64
		Release|x86 = Release|x86
	EndGlobalSection
	GlobalSection(ProjectConfigurationPlatforms) = postSolution
		{0236C272-7C85-48B1-8F65-63B4254713C8}.Debug|ARM.ActiveCfg = Debug|ARM
		{0236C272-7C85-48B1-8F65-63B4254713C8}.Debug|ARM.Build.0 = Debug|ARM
		{0236C272-7C85-48B1-8F65-63B4254713C8}.Debug|ARM.Deploy.0 = Debug|ARM
		{0236C272-7C85-48B1-8F65-63B4254713C8}.Debug|ARM64.ActiveCfg = Debug|ARM64
		{0236C272-7C85-48B1-8F65-63B4254713C8}.Debug|ARM64.Build.0 = Debug|ARM64
		{0236C272-7C85-48B1-8F65-63B4254713C8}.Debug|ARM64.Deploy.0 = Debug|ARM64
		{0236C272-7C85-48B1-8F65-63B4254713C8}.Debug|x64.ActiveCfg = Debug|x64
		{0236C272-7C85-48B1-8F65-63B4254713C8}.Debug|x64.Build.0 = Debug|x64
		{0236C272-7C85-48B1-8F65-63B4254713C8}.Debug|x64.Deploy.0 = Debug|x64
		{0236C272-7C85-48B1-8F65-63B4254713C8}.Debug|x86.ActiveCfg = Debug|x86
		{0236C272-7C85-48B1-8F65-63B4254713C8}.Debug|x86.Build.0 = Debug|x86
		{0236C272-7C85-48B1-8F65-63B4254713C8}.Debug|x86.Deploy.0 = Debug|x86
		{0236C272-7C85-48B1-8F65-63B4254713C8}.Release|ARM.ActiveCfg = Release|ARM
		{0236C272-7C85-48B1-8F65-63B4254713C8}.Release|ARM.Build.0 = Release|ARM
		{0236C272-7C85-48B1-8F65-63B4254713C8}.Release|ARM.Deploy.0 = Release|ARM
		{0236C272-7C85-48B1-8F65-63B4254713C8}.Release|ARM64.ActiveCfg = Release|ARM64
		{0236C272-7C85-48B1-8F65-63B4254713C8}.Release|ARM64.Build.0 = Release|ARM64
		{0236C272-7C85-48B1-8F65-63B4254713C8}.Release|ARM64.Deploy.0 = Release|ARM64
		{0236C272-7C85-48B1-8F65-63B4254713C8}.Release|x64.ActiveCfg = Release|x64
		{0236C272-7C85-48B1-8F65-63B4254713C8}.Release|x64.Build.0 = Release|x64
		{0236C272-7C85-48B1-8F65-63B4254713C8}.Release|x64.Deploy.0 = Release|x64
		{0236C272-7C85-48B1-8F65-63B4254713C8}.Release|x86.ActiveCfg = Release|x86
		{0236C272-7C85-48B1-8F65-63B4254713C8}.Release|x86.Build.0 = Release|x86
		{0236C272-7C85-48B1-8F65-63B4254713C8}.Release|x86.Deploy.0 = Release|x86
		{3BB245F9-9F1B-43C3-9925-5FAD64A2A2E4}.Debug|ARM.ActiveCfg = Debug|ARM
		{3BB245F9-9F1B-43C3-9925-5FAD64A2A2E4}.Debug|ARM.Build.0 = Debug|ARM
		{3BB245F9-9F1B-43C3-9925-5FAD64A2A2E4}.Debug|ARM.Deploy.0 = Debug|ARM
		{3BB245F9-9F1B-43C3-9925-5FAD64A2A2E4}.Debug|ARM64.ActiveCfg = Debug|ARM64
		{3BB245F9-9F1B-43C3-9925-5FAD64A2A2E4}.Debug|ARM64.Build.0 = Debug|ARM64
		{3BB245F9-9F1B-43C3-9925-5FAD64A2A2E4}.Debug|ARM64.Deploy.0 = Debug|ARM64
		{3BB245F9-9F1B-43C3-9925-5FAD64A2A2E4}.Debug|x64.ActiveCfg = Debug|x64
		{3BB245F9-9F1B-43C3-9925-5FAD64A2A2E4}.Debug|x64.Build.0 = Debug|x64
		{3BB245F9-9F1B-43C3-9925-5FAD64A2A2E4}.Debug|x64.Deploy.0 = Debug|x64
		{3BB245F9-9F1B-43C3-9925-5FAD64A2A2E4}.Debug|x86.ActiveCfg = Debug|x86
		{3BB245F9-9F1B-43C3-9925-5FAD64A2A2E4}.Debug|x86.Build.0 = Debug|x86
		{3BB245F9-9F1B-43C3-9925-5FAD64A2A2E4}.Debug|x86.Deploy.0 = Debug|x86
		{3BB245F9-9F1B-43C3-9925-5FAD64A2A2E4}.Release|ARM.ActiveCfg = Release|ARM
		{3BB245F9-9F1B-43C3-9925-5FAD64A2A2E4}.Release|ARM.Build.0 = Release|ARM
		{3BB245F9-9F1B-43C3-9925-5FAD64A2A2E4}.Release|ARM.Deploy.0 = Release|ARM
		{3BB245F9-9F1B-43C3-9925-5FAD64A2A2E4}.Release|ARM64.ActiveCfg = Release|ARM64
		{3BB245F9-9F1B-43C3-9925-5FAD64A2A2E4}.Release|ARM64.Build.0 = Release|ARM64
		{3BB245F9-9F1B-43C3-9925-5FAD64A2A2E4}.Release|ARM64.Deploy.0 = Release|ARM64
		{3BB245F9-9F1B-43C3-9925-5FAD64A2A2E4}.Release|x64.ActiveCfg = Release|x64
		{3BB245F9-9F1B-43C3-9925-5FAD64A2A2E4}.Release|x64.Build.0 = Release|x64
		{3BB245F9-9F1B-43C3-9925-5FAD64A2A2E4}.Release|x64.Deploy.0 = Release|x64
		{3BB245F9-9F1B-43C3-9925-5FAD64A2A2E4}.Release|x86.ActiveCfg = Release|x86
		{3BB245F9-9F1B-43C3-9925-5FAD64A2A2E4}.Release|x86.Build.0 = Release|x86
		{3BB245F9-9F1B-43C3-9925-5FAD64A2A2E4}.Release|x86.Deploy.0 = Release|x86
		{A96ED1A1-908B-4406-A146-9A1BB28CD3C6}.Debug|ARM.ActiveCfg = Debug|ARM
		{A96ED1A1-908B-4406-A146-9A1BB28CD3C6}.Debug|ARM.Build.0 = Debug|ARM
		{A96ED1A1-908B-4406-A146-9A1BB28CD3C6}.Debug|ARM.Deploy.0 = Debug|ARM
		{A96ED1A1-908B-4406-A146-9A1BB28CD3C6}.Debug|ARM64.ActiveCfg = Debug|ARM64
		{A96ED1A1-908B-4406-A146-9A1BB28CD3C6}.Debug|ARM64.Build.0 = Debug|ARM64
		{A96ED1A1-908B-4406-A146-9A1BB28CD3C6}.Debug|ARM64.Deploy.0 = Debug|ARM64
		{A96ED1A1-908B-4406-A146-9A1BB28CD3C6}.Debug|x64.ActiveCfg = Debug|x64
		{A96ED1A1-908B-4406-A146-9A1BB28CD3C6}.Debug|x64.Build.0 = Debug|x64
		{A96ED1A1-908B-4406-A146-9A1BB28CD3C6}.Debug|x64.Deploy.0 = Debug|x64
		{A96ED1A1-908B-4406-A146-9A1BB28CD3C6}.Debug|x86.ActiveCfg = Debug|x86
		{A96ED1A1-908B-4406-A146-9A1BB28CD3C6}.Debug|x86.Build.0 = Debug|x86
		{A96ED1A1-908B-4406-A146-9A1BB28CD3C6}.Debug|x86.Deploy.0 = Debug|x86
		{A96ED1A1-908B-4406-A146-9A1BB28CD3C6}.Release|ARM.ActiveCfg = Release|ARM
		{A96ED1A1-908B-4406-A146-9A1BB28CD3C6}.Release|ARM.Build.0 = Release|ARM
		{A96ED1A1-908B-4406-A146-9A1BB28CD3C6}.Release|ARM.Deploy.0 = Release|ARM
		{A96ED1A1-908B-4406-A146-9A1BB28CD3C6}.Release|ARM64.ActiveCfg = Release|ARM64
		{A96ED1A1-908B-4406-A146-9A1BB28CD3C6}.Release|ARM64.Build.0 = Release|ARM64
		{A96ED1A1-908B-4406-A146-9A1BB28CD3C6}.Release|ARM64.Deploy.0 = Release|ARM64
		{A96ED1A1-908B-4406-A146-9A1BB28CD3C6}.Release|x64.ActiveCfg = Release|x64
		{A96ED1A1-908B-4406-A146-9A1BB28CD3C6}.Release|x64.Build.0 = Release|x64
		{A96ED1A1-908B-4406-A146-9A1BB28CD3C6}.Release|x64.Deploy.0 = Release|x64
		{A96ED1A1-908B-4406-A146-9A1BB28CD3C6}.Release|x86.ActiveCfg = Release|x86
		{A96ED1A1-908B-4406-A146-9A1BB28CD3C6}.Release|x86.Build.0 = Release|x86
		{A96ED1A1-908B-4406-A146-9A1BB28CD3C6}.Release|x86.Deploy.0 = Release|x86
		{E4EFDC49-A93B-4A9D-B39D-967546CA3E8B}.Debug|ARM.ActiveCfg = Debug|ARM
		{E4EFDC49-A93B-4A9D-B39D-967546CA3E8B}.Debug|ARM.Build.0 = Debug|ARM
		{E4EFDC49-A93B-4A9D-B39D-967546CA3E8B}.Debug|ARM.Deploy.0 = Debug|ARM
		{E4EFDC49-A93B-4A9D-B39D-967546CA3E8B}.Debug|ARM64.ActiveCfg = Debug|ARM64
		{E4EFDC49-A93B-4A9D-B39D-967546CA3E8B}.Debug|ARM64.Build.0 = Debug|ARM64
		{E4EFDC49-A93B-4A9D-B39D-967546CA3E8B}.Debug|ARM64.Deploy.0 = Debug|ARM64
		{E4EFDC49-A93B-4A9D-B39D-967546CA3E8B}.Debug|x64.ActiveCfg = Debug|x64
		{E4EFDC49-A93B-4A9D-B39D-967546CA3E8B}.Debug|x64.Build.0 = Debug|x64
		{E4EFDC49-A93B-4A9D-B39D-967546CA3E8B}.Debug|x64.Deploy.0 = Debug|x64
		{E4EFDC49-A93B-4A9D-B39D-967546CA3E8B}.Debug|x86.ActiveCfg = Debug|x86
		{E4EFDC49-A93B-4A9D-B39D-967546CA3E8B}.Debug|x86.Build.0 = Debug|x86
		{E4EFDC49-A93B-4A9D-B39D-967546CA3E8B}.Debug|x86.Deploy.0 = Debug|x86
		{E4EFDC49-A93B-4A9D-B39D-967546CA3E8B}.Release|ARM.ActiveCfg = Release|ARM
		{E4EFDC49-A93B-4A9D-B39D-967546CA3E8B}.Release|ARM.Build.0 = Release|ARM
		{E4EFDC49-A93B-4A9D-B39D-967546CA3E8B}.Release|ARM.Deploy.0 = Release|ARM
		{E4EFDC49-A93B-4A9D-B39D-967546CA3E8B}.Release|ARM64.ActiveCfg = Release|ARM64
		{E4EFDC49-A93B-4A9D-B39D-967546CA3E8B}.Release|ARM64.Build.0 = Release|ARM64
		{E4EFDC49-A93B-4A9D-B39D-967546CA3E8B}.Release|ARM64.Deploy.0 = Release|ARM64
		{E4EFDC49-A93B-4A9D-B39D-967546CA3E8B}.Release|x64.ActiveCfg = Release|x64
		{E4EFDC49-A93B-4A9D-B39D-967546CA3E8B}.Release|x64.Build.0 = Release|x64
		{E4EFDC49-A93B-4A9D-B39D-967546CA3E8B}.Release|x64.Deploy.0 = Release|x64
		{E4EFDC49-A93B-4A9D-B39D-967546CA3E8B}.Release|x86.ActiveCfg = Release|x86
		{E4EFDC49-A93B-4A9D-B39D-967546CA3E8B}.Release|x86.Build.0 = Release|x86
		{E4EFDC49-A93B-4A9D-B39D-967546CA3E8B}.Release|x86.Deploy.0 = Release|x86
	EndGlobalSection
	GlobalSection(SolutionProperties) = preSolution
		HideSolutionNode = FALSE
	EndGlobalSection
	GlobalSection(ExtensibilityGlobals) = postSolution
		SolutionGuid = {D2A2CB82-619F-499F-9357-AB64FAE2FCE8}
	EndGlobalSection
EndGlobal
