
Microsoft Visual Studio Solution File, Format Version 12.00
# Visual Studio Version 16
VisualStudioVersion = 16.0.30517.126
MinimumVisualStudioVersion = 10.0.40219.1
Project("{FAE04EC0-301F-11D3-BF4B-00C04F79EFBC}") = "ExamenDIN-UI", "ExamenDIN-UI\ExamenDIN-UI.csproj", "{465A19FE-813E-4C2A-867A-1D5F761B872B}"
EndProject
Project("{FAE04EC0-301F-11D3-BF4B-00C04F79EFBC}") = "ExamenDIN-DAL", "ExamenDIN-DAL\ExamenDIN-DAL.csproj", "{0CA145F3-C2BA-4DEE-AFB1-7CE19535C1AB}"
EndProject
Project("{FAE04EC0-301F-11D3-BF4B-00C04F79EFBC}") = "ExamenDIN-BL", "ExamenDIN-BL\ExamenDIN-BL.csproj", "{A43BFCBB-C86B-4418-A8FD-512CD4D07D3F}"
EndProject
Project("{FAE04EC0-301F-11D3-BF4B-00C04F79EFBC}") = "ExamenDIN-Entities", "ExamenDIN-Entities\ExamenDIN-Entities.csproj", "{4F895AA7-DCEF-4718-AB5E-0A5173D2F6A7}"
EndProject
Global
	GlobalSection(SolutionConfigurationPlatforms) = preSolution
		Debug|Any CPU = Debug|Any CPU
		Debug|ARM = Debug|ARM
		Debug|ARM64 = Debug|ARM64
		Debug|x64 = Debug|x64
		Debug|x86 = Debug|x86
		Release|Any CPU = Release|Any CPU
		Release|ARM = Release|ARM
		Release|ARM64 = Release|ARM64
		Release|x64 = Release|x64
		Release|x86 = Release|x86
	EndGlobalSection
	GlobalSection(ProjectConfigurationPlatforms) = postSolution
		{465A19FE-813E-4C2A-867A-1D5F761B872B}.Debug|Any CPU.ActiveCfg = Debug|x86
		{465A19FE-813E-4C2A-867A-1D5F761B872B}.Debug|ARM.ActiveCfg = Debug|ARM
		{465A19FE-813E-4C2A-867A-1D5F761B872B}.Debug|ARM.Build.0 = Debug|ARM
		{465A19FE-813E-4C2A-867A-1D5F761B872B}.Debug|ARM.Deploy.0 = Debug|ARM
		{465A19FE-813E-4C2A-867A-1D5F761B872B}.Debug|ARM64.ActiveCfg = Debug|ARM64
		{465A19FE-813E-4C2A-867A-1D5F761B872B}.Debug|ARM64.Build.0 = Debug|ARM64
		{465A19FE-813E-4C2A-867A-1D5F761B872B}.Debug|ARM64.Deploy.0 = Debug|ARM64
		{465A19FE-813E-4C2A-867A-1D5F761B872B}.Debug|x64.ActiveCfg = Debug|x64
		{465A19FE-813E-4C2A-867A-1D5F761B872B}.Debug|x64.Build.0 = Debug|x64
		{465A19FE-813E-4C2A-867A-1D5F761B872B}.Debug|x64.Deploy.0 = Debug|x64
		{465A19FE-813E-4C2A-867A-1D5F761B872B}.Debug|x86.ActiveCfg = Debug|x86
		{465A19FE-813E-4C2A-867A-1D5F761B872B}.Debug|x86.Build.0 = Debug|x86
		{465A19FE-813E-4C2A-867A-1D5F761B872B}.Debug|x86.Deploy.0 = Debug|x86
		{465A19FE-813E-4C2A-867A-1D5F761B872B}.Release|Any CPU.ActiveCfg = Release|x86
		{465A19FE-813E-4C2A-867A-1D5F761B872B}.Release|ARM.ActiveCfg = Release|ARM
		{465A19FE-813E-4C2A-867A-1D5F761B872B}.Release|ARM.Build.0 = Release|ARM
		{465A19FE-813E-4C2A-867A-1D5F761B872B}.Release|ARM.Deploy.0 = Release|ARM
		{465A19FE-813E-4C2A-867A-1D5F761B872B}.Release|ARM64.ActiveCfg = Release|ARM64
		{465A19FE-813E-4C2A-867A-1D5F761B872B}.Release|ARM64.Build.0 = Release|ARM64
		{465A19FE-813E-4C2A-867A-1D5F761B872B}.Release|ARM64.Deploy.0 = Release|ARM64
		{465A19FE-813E-4C2A-867A-1D5F761B872B}.Release|x64.ActiveCfg = Release|x64
		{465A19FE-813E-4C2A-867A-1D5F761B872B}.Release|x64.Build.0 = Release|x64
		{465A19FE-813E-4C2A-867A-1D5F761B872B}.Release|x64.Deploy.0 = Release|x64
		{465A19FE-813E-4C2A-867A-1D5F761B872B}.Release|x86.ActiveCfg = Release|x86
		{465A19FE-813E-4C2A-867A-1D5F761B872B}.Release|x86.Build.0 = Release|x86
		{465A19FE-813E-4C2A-867A-1D5F761B872B}.Release|x86.Deploy.0 = Release|x86
		{0CA145F3-C2BA-4DEE-AFB1-7CE19535C1AB}.Debug|Any CPU.ActiveCfg = Debug|Any CPU
		{0CA145F3-C2BA-4DEE-AFB1-7CE19535C1AB}.Debug|Any CPU.Build.0 = Debug|Any CPU
		{0CA145F3-C2BA-4DEE-AFB1-7CE19535C1AB}.Debug|ARM.ActiveCfg = Debug|ARM
		{0CA145F3-C2BA-4DEE-AFB1-7CE19535C1AB}.Debug|ARM.Build.0 = Debug|ARM
		{0CA145F3-C2BA-4DEE-AFB1-7CE19535C1AB}.Debug|ARM64.ActiveCfg = Debug|ARM64
		{0CA145F3-C2BA-4DEE-AFB1-7CE19535C1AB}.Debug|ARM64.Build.0 = Debug|ARM64
		{0CA145F3-C2BA-4DEE-AFB1-7CE19535C1AB}.Debug|x64.ActiveCfg = Debug|x64
		{0CA145F3-C2BA-4DEE-AFB1-7CE19535C1AB}.Debug|x64.Build.0 = Debug|x64
		{0CA145F3-C2BA-4DEE-AFB1-7CE19535C1AB}.Debug|x86.ActiveCfg = Debug|x86
		{0CA145F3-C2BA-4DEE-AFB1-7CE19535C1AB}.Debug|x86.Build.0 = Debug|x86
		{0CA145F3-C2BA-4DEE-AFB1-7CE19535C1AB}.Release|Any CPU.ActiveCfg = Release|Any CPU
		{0CA145F3-C2BA-4DEE-AFB1-7CE19535C1AB}.Release|Any CPU.Build.0 = Release|Any CPU
		{0CA145F3-C2BA-4DEE-AFB1-7CE19535C1AB}.Release|ARM.ActiveCfg = Release|ARM
		{0CA145F3-C2BA-4DEE-AFB1-7CE19535C1AB}.Release|ARM.Build.0 = Release|ARM
		{0CA145F3-C2BA-4DEE-AFB1-7CE19535C1AB}.Release|ARM64.ActiveCfg = Release|ARM64
		{0CA145F3-C2BA-4DEE-AFB1-7CE19535C1AB}.Release|ARM64.Build.0 = Release|ARM64
		{0CA145F3-C2BA-4DEE-AFB1-7CE19535C1AB}.Release|x64.ActiveCfg = Release|x64
		{0CA145F3-C2BA-4DEE-AFB1-7CE19535C1AB}.Release|x64.Build.0 = Release|x64
		{0CA145F3-C2BA-4DEE-AFB1-7CE19535C1AB}.Release|x86.ActiveCfg = Release|x86
		{0CA145F3-C2BA-4DEE-AFB1-7CE19535C1AB}.Release|x86.Build.0 = Release|x86
		{A43BFCBB-C86B-4418-A8FD-512CD4D07D3F}.Debug|Any CPU.ActiveCfg = Debug|Any CPU
		{A43BFCBB-C86B-4418-A8FD-512CD4D07D3F}.Debug|Any CPU.Build.0 = Debug|Any CPU
		{A43BFCBB-C86B-4418-A8FD-512CD4D07D3F}.Debug|ARM.ActiveCfg = Debug|ARM
		{A43BFCBB-C86B-4418-A8FD-512CD4D07D3F}.Debug|ARM.Build.0 = Debug|ARM
		{A43BFCBB-C86B-4418-A8FD-512CD4D07D3F}.Debug|ARM64.ActiveCfg = Debug|ARM64
		{A43BFCBB-C86B-4418-A8FD-512CD4D07D3F}.Debug|ARM64.Build.0 = Debug|ARM64
		{A43BFCBB-C86B-4418-A8FD-512CD4D07D3F}.Debug|x64.ActiveCfg = Debug|x64
		{A43BFCBB-C86B-4418-A8FD-512CD4D07D3F}.Debug|x64.Build.0 = Debug|x64
		{A43BFCBB-C86B-4418-A8FD-512CD4D07D3F}.Debug|x86.ActiveCfg = Debug|x86
		{A43BFCBB-C86B-4418-A8FD-512CD4D07D3F}.Debug|x86.Build.0 = Debug|x86
		{A43BFCBB-C86B-4418-A8FD-512CD4D07D3F}.Release|Any CPU.ActiveCfg = Release|Any CPU
		{A43BFCBB-C86B-4418-A8FD-512CD4D07D3F}.Release|Any CPU.Build.0 = Release|Any CPU
		{A43BFCBB-C86B-4418-A8FD-512CD4D07D3F}.Release|ARM.ActiveCfg = Release|ARM
		{A43BFCBB-C86B-4418-A8FD-512CD4D07D3F}.Release|ARM.Build.0 = Release|ARM
		{A43BFCBB-C86B-4418-A8FD-512CD4D07D3F}.Release|ARM64.ActiveCfg = Release|ARM64
		{A43BFCBB-C86B-4418-A8FD-512CD4D07D3F}.Release|ARM64.Build.0 = Release|ARM64
		{A43BFCBB-C86B-4418-A8FD-512CD4D07D3F}.Release|x64.ActiveCfg = Release|x64
		{A43BFCBB-C86B-4418-A8FD-512CD4D07D3F}.Release|x64.Build.0 = Release|x64
		{A43BFCBB-C86B-4418-A8FD-512CD4D07D3F}.Release|x86.ActiveCfg = Release|x86
		{A43BFCBB-C86B-4418-A8FD-512CD4D07D3F}.Release|x86.Build.0 = Release|x86
		{4F895AA7-DCEF-4718-AB5E-0A5173D2F6A7}.Debug|Any CPU.ActiveCfg = Debug|Any CPU
		{4F895AA7-DCEF-4718-AB5E-0A5173D2F6A7}.Debug|Any CPU.Build.0 = Debug|Any CPU
		{4F895AA7-DCEF-4718-AB5E-0A5173D2F6A7}.Debug|ARM.ActiveCfg = Debug|ARM
		{4F895AA7-DCEF-4718-AB5E-0A5173D2F6A7}.Debug|ARM.Build.0 = Debug|ARM
		{4F895AA7-DCEF-4718-AB5E-0A5173D2F6A7}.Debug|ARM64.ActiveCfg = Debug|ARM64
		{4F895AA7-DCEF-4718-AB5E-0A5173D2F6A7}.Debug|ARM64.Build.0 = Debug|ARM64
		{4F895AA7-DCEF-4718-AB5E-0A5173D2F6A7}.Debug|x64.ActiveCfg = Debug|x64
		{4F895AA7-DCEF-4718-AB5E-0A5173D2F6A7}.Debug|x64.Build.0 = Debug|x64
		{4F895AA7-DCEF-4718-AB5E-0A5173D2F6A7}.Debug|x86.ActiveCfg = Debug|x86
		{4F895AA7-DCEF-4718-AB5E-0A5173D2F6A7}.Debug|x86.Build.0 = Debug|x86
		{4F895AA7-DCEF-4718-AB5E-0A5173D2F6A7}.Release|Any CPU.ActiveCfg = Release|Any CPU
		{4F895AA7-DCEF-4718-AB5E-0A5173D2F6A7}.Release|Any CPU.Build.0 = Release|Any CPU
		{4F895AA7-DCEF-4718-AB5E-0A5173D2F6A7}.Release|ARM.ActiveCfg = Release|ARM
		{4F895AA7-DCEF-4718-AB5E-0A5173D2F6A7}.Release|ARM.Build.0 = Release|ARM
		{4F895AA7-DCEF-4718-AB5E-0A5173D2F6A7}.Release|ARM64.ActiveCfg = Release|ARM64
		{4F895AA7-DCEF-4718-AB5E-0A5173D2F6A7}.Release|ARM64.Build.0 = Release|ARM64
		{4F895AA7-DCEF-4718-AB5E-0A5173D2F6A7}.Release|x64.ActiveCfg = Release|x64
		{4F895AA7-DCEF-4718-AB5E-0A5173D2F6A7}.Release|x64.Build.0 = Release|x64
		{4F895AA7-DCEF-4718-AB5E-0A5173D2F6A7}.Release|x86.ActiveCfg = Release|x86
		{4F895AA7-DCEF-4718-AB5E-0A5173D2F6A7}.Release|x86.Build.0 = Release|x86
	EndGlobalSection
	GlobalSection(SolutionProperties) = preSolution
		HideSolutionNode = FALSE
	EndGlobalSection
	GlobalSection(ExtensibilityGlobals) = postSolution
		SolutionGuid = {8A4E2B5D-A43A-4D88-9372-138B8173B2E9}
	EndGlobalSection
EndGlobal
