
Microsoft Visual Studio Solution File, Format Version 12.00
# Visual Studio Version 16
VisualStudioVersion = 16.0.30621.155
MinimumVisualStudioVersion = 10.0.40219.1
Project("{FAE04EC0-301F-11D3-BF4B-00C04F79EFBC}") = "11CRUDUWP-UI", "11CRUDUWP-UI\11CRUDUWP-UI.csproj", "{8D8A1245-733B-41BC-B8B1-6318F843D2C0}"
EndProject
Project("{FAE04EC0-301F-11D3-BF4B-00C04F79EFBC}") = "11CRUDUWP-DAL", "11CRUDUWP-DAL\11CRUDUWP-DAL.csproj", "{BA82742C-E60D-4D47-8BBA-75EDE740A344}"
EndProject
Project("{FAE04EC0-301F-11D3-BF4B-00C04F79EFBC}") = "11CRUDUWP-BL", "11CRUDUWP-BL\11CRUDUWP-BL.csproj", "{6045E8EC-1E2E-4C1F-8BBC-87377986058F}"
EndProject
Project("{FAE04EC0-301F-11D3-BF4B-00C04F79EFBC}") = "11CRUDUWP-Entities", "11CRUDUWP-Entities\11CRUDUWP-Entities.csproj", "{719DCF8B-2E07-4BA8-B377-CE8E107175B2}"
EndProject
Global
	GlobalSection(SolutionConfigurationPlatforms) = preSolution
		Debug|Any CPU = Debug|Any CPU
		Debug|ARM = Debug|ARM
		Debug|ARM64 = Debug|ARM64
		Debug|x64 = Debug|x64
		Debug|x86 = Debug|x86
		Release|Any CPU = Release|Any CPU
		Release|ARM = Release|ARM
		Release|ARM64 = Release|ARM64
		Release|x64 = Release|x64
		Release|x86 = Release|x86
	EndGlobalSection
	GlobalSection(ProjectConfigurationPlatforms) = postSolution
		{8D8A1245-733B-41BC-B8B1-6318F843D2C0}.Debug|Any CPU.ActiveCfg = Debug|x86
		{8D8A1245-733B-41BC-B8B1-6318F843D2C0}.Debug|ARM.ActiveCfg = Debug|ARM
		{8D8A1245-733B-41BC-B8B1-6318F843D2C0}.Debug|ARM.Build.0 = Debug|ARM
		{8D8A1245-733B-41BC-B8B1-6318F843D2C0}.Debug|ARM.Deploy.0 = Debug|ARM
		{8D8A1245-733B-41BC-B8B1-6318F843D2C0}.Debug|ARM64.ActiveCfg = Debug|ARM64
		{8D8A1245-733B-41BC-B8B1-6318F843D2C0}.Debug|ARM64.Build.0 = Debug|ARM64
		{8D8A1245-733B-41BC-B8B1-6318F843D2C0}.Debug|ARM64.Deploy.0 = Debug|ARM64
		{8D8A1245-733B-41BC-B8B1-6318F843D2C0}.Debug|x64.ActiveCfg = Debug|x64
		{8D8A1245-733B-41BC-B8B1-6318F843D2C0}.Debug|x64.Build.0 = Debug|x64
		{8D8A1245-733B-41BC-B8B1-6318F843D2C0}.Debug|x64.Deploy.0 = Debug|x64
		{8D8A1245-733B-41BC-B8B1-6318F843D2C0}.Debug|x86.ActiveCfg = Debug|x86
		{8D8A1245-733B-41BC-B8B1-6318F843D2C0}.Debug|x86.Build.0 = Debug|x86
		{8D8A1245-733B-41BC-B8B1-6318F843D2C0}.Debug|x86.Deploy.0 = Debug|x86
		{8D8A1245-733B-41BC-B8B1-6318F843D2C0}.Release|Any CPU.ActiveCfg = Release|x86
		{8D8A1245-733B-41BC-B8B1-6318F843D2C0}.Release|ARM.ActiveCfg = Release|ARM
		{8D8A1245-733B-41BC-B8B1-6318F843D2C0}.Release|ARM.Build.0 = Release|ARM
		{8D8A1245-733B-41BC-B8B1-6318F843D2C0}.Release|ARM.Deploy.0 = Release|ARM
		{8D8A1245-733B-41BC-B8B1-6318F843D2C0}.Release|ARM64.ActiveCfg = Release|ARM64
		{8D8A1245-733B-41BC-B8B1-6318F843D2C0}.Release|ARM64.Build.0 = Release|ARM64
		{8D8A1245-733B-41BC-B8B1-6318F843D2C0}.Release|ARM64.Deploy.0 = Release|ARM64
		{8D8A1245-733B-41BC-B8B1-6318F843D2C0}.Release|x64.ActiveCfg = Release|x64
		{8D8A1245-733B-41BC-B8B1-6318F843D2C0}.Release|x64.Build.0 = Release|x64
		{8D8A1245-733B-41BC-B8B1-6318F843D2C0}.Release|x64.Deploy.0 = Release|x64
		{8D8A1245-733B-41BC-B8B1-6318F843D2C0}.Release|x86.ActiveCfg = Release|x86
		{8D8A1245-733B-41BC-B8B1-6318F843D2C0}.Release|x86.Build.0 = Release|x86
		{8D8A1245-733B-41BC-B8B1-6318F843D2C0}.Release|x86.Deploy.0 = Release|x86
		{BA82742C-E60D-4D47-8BBA-75EDE740A344}.Debug|Any CPU.ActiveCfg = Debug|Any CPU
		{BA82742C-E60D-4D47-8BBA-75EDE740A344}.Debug|Any CPU.Build.0 = Debug|Any CPU
		{BA82742C-E60D-4D47-8BBA-75EDE740A344}.Debug|ARM.ActiveCfg = Debug|ARM
		{BA82742C-E60D-4D47-8BBA-75EDE740A344}.Debug|ARM.Build.0 = Debug|ARM
		{BA82742C-E60D-4D47-8BBA-75EDE740A344}.Debug|ARM64.ActiveCfg = Debug|ARM64
		{BA82742C-E60D-4D47-8BBA-75EDE740A344}.Debug|ARM64.Build.0 = Debug|ARM64
		{BA82742C-E60D-4D47-8BBA-75EDE740A344}.Debug|x64.ActiveCfg = Debug|x64
		{BA82742C-E60D-4D47-8BBA-75EDE740A344}.Debug|x64.Build.0 = Debug|x64
		{BA82742C-E60D-4D47-8BBA-75EDE740A344}.Debug|x86.ActiveCfg = Debug|x86
		{BA82742C-E60D-4D47-8BBA-75EDE740A344}.Debug|x86.Build.0 = Debug|x86
		{BA82742C-E60D-4D47-8BBA-75EDE740A344}.Release|Any CPU.ActiveCfg = Release|Any CPU
		{BA82742C-E60D-4D47-8BBA-75EDE740A344}.Release|Any CPU.Build.0 = Release|Any CPU
		{BA82742C-E60D-4D47-8BBA-75EDE740A344}.Release|ARM.ActiveCfg = Release|ARM
		{BA82742C-E60D-4D47-8BBA-75EDE740A344}.Release|ARM.Build.0 = Release|ARM
		{BA82742C-E60D-4D47-8BBA-75EDE740A344}.Release|ARM64.ActiveCfg = Release|ARM64
		{BA82742C-E60D-4D47-8BBA-75EDE740A344}.Release|ARM64.Build.0 = Release|ARM64
		{BA82742C-E60D-4D47-8BBA-75EDE740A344}.Release|x64.ActiveCfg = Release|x64
		{BA82742C-E60D-4D47-8BBA-75EDE740A344}.Release|x64.Build.0 = Release|x64
		{BA82742C-E60D-4D47-8BBA-75EDE740A344}.Release|x86.ActiveCfg = Release|x86
		{BA82742C-E60D-4D47-8BBA-75EDE740A344}.Release|x86.Build.0 = Release|x86
		{6045E8EC-1E2E-4C1F-8BBC-87377986058F}.Debug|Any CPU.ActiveCfg = Debug|Any CPU
		{6045E8EC-1E2E-4C1F-8BBC-87377986058F}.Debug|Any CPU.Build.0 = Debug|Any CPU
		{6045E8EC-1E2E-4C1F-8BBC-87377986058F}.Debug|ARM.ActiveCfg = Debug|ARM
		{6045E8EC-1E2E-4C1F-8BBC-87377986058F}.Debug|ARM.Build.0 = Debug|ARM
		{6045E8EC-1E2E-4C1F-8BBC-87377986058F}.Debug|ARM64.ActiveCfg = Debug|ARM64
		{6045E8EC-1E2E-4C1F-8BBC-87377986058F}.Debug|ARM64.Build.0 = Debug|ARM64
		{6045E8EC-1E2E-4C1F-8BBC-87377986058F}.Debug|x64.ActiveCfg = Debug|x64
		{6045E8EC-1E2E-4C1F-8BBC-87377986058F}.Debug|x64.Build.0 = Debug|x64
		{6045E8EC-1E2E-4C1F-8BBC-87377986058F}.Debug|x86.ActiveCfg = Debug|x86
		{6045E8EC-1E2E-4C1F-8BBC-87377986058F}.Debug|x86.Build.0 = Debug|x86
		{6045E8EC-1E2E-4C1F-8BBC-87377986058F}.Release|Any CPU.ActiveCfg = Release|Any CPU
		{6045E8EC-1E2E-4C1F-8BBC-87377986058F}.Release|Any CPU.Build.0 = Release|Any CPU
		{6045E8EC-1E2E-4C1F-8BBC-87377986058F}.Release|ARM.ActiveCfg = Release|ARM
		{6045E8EC-1E2E-4C1F-8BBC-87377986058F}.Release|ARM.Build.0 = Release|ARM
		{6045E8EC-1E2E-4C1F-8BBC-87377986058F}.Release|ARM64.ActiveCfg = Release|ARM64
		{6045E8EC-1E2E-4C1F-8BBC-87377986058F}.Release|ARM64.Build.0 = Release|ARM64
		{6045E8EC-1E2E-4C1F-8BBC-87377986058F}.Release|x64.ActiveCfg = Release|x64
		{6045E8EC-1E2E-4C1F-8BBC-87377986058F}.Release|x64.Build.0 = Release|x64
		{6045E8EC-1E2E-4C1F-8BBC-87377986058F}.Release|x86.ActiveCfg = Release|x86
		{6045E8EC-1E2E-4C1F-8BBC-87377986058F}.Release|x86.Build.0 = Release|x86
		{719DCF8B-2E07-4BA8-B377-CE8E107175B2}.Debug|Any CPU.ActiveCfg = Debug|Any CPU
		{719DCF8B-2E07-4BA8-B377-CE8E107175B2}.Debug|Any CPU.Build.0 = Debug|Any CPU
		{719DCF8B-2E07-4BA8-B377-CE8E107175B2}.Debug|ARM.ActiveCfg = Debug|ARM
		{719DCF8B-2E07-4BA8-B377-CE8E107175B2}.Debug|ARM.Build.0 = Debug|ARM
		{719DCF8B-2E07-4BA8-B377-CE8E107175B2}.Debug|ARM64.ActiveCfg = Debug|ARM64
		{719DCF8B-2E07-4BA8-B377-CE8E107175B2}.Debug|ARM64.Build.0 = Debug|ARM64
		{719DCF8B-2E07-4BA8-B377-CE8E107175B2}.Debug|x64.ActiveCfg = Debug|x64
		{719DCF8B-2E07-4BA8-B377-CE8E107175B2}.Debug|x64.Build.0 = Debug|x64
		{719DCF8B-2E07-4BA8-B377-CE8E107175B2}.Debug|x86.ActiveCfg = Debug|x86
		{719DCF8B-2E07-4BA8-B377-CE8E107175B2}.Debug|x86.Build.0 = Debug|x86
		{719DCF8B-2E07-4BA8-B377-CE8E107175B2}.Release|Any CPU.ActiveCfg = Release|Any CPU
		{719DCF8B-2E07-4BA8-B377-CE8E107175B2}.Release|Any CPU.Build.0 = Release|Any CPU
		{719DCF8B-2E07-4BA8-B377-CE8E107175B2}.Release|ARM.ActiveCfg = Release|ARM
		{719DCF8B-2E07-4BA8-B377-CE8E107175B2}.Release|ARM.Build.0 = Release|ARM
		{719DCF8B-2E07-4BA8-B377-CE8E107175B2}.Release|ARM64.ActiveCfg = Release|ARM64
		{719DCF8B-2E07-4BA8-B377-CE8E107175B2}.Release|ARM64.Build.0 = Release|ARM64
		{719DCF8B-2E07-4BA8-B377-CE8E107175B2}.Release|x64.ActiveCfg = Release|x64
		{719DCF8B-2E07-4BA8-B377-CE8E107175B2}.Release|x64.Build.0 = Release|x64
		{719DCF8B-2E07-4BA8-B377-CE8E107175B2}.Release|x86.ActiveCfg = Release|x86
		{719DCF8B-2E07-4BA8-B377-CE8E107175B2}.Release|x86.Build.0 = Release|x86
	EndGlobalSection
	GlobalSection(SolutionProperties) = preSolution
		HideSolutionNode = FALSE
	EndGlobalSection
	GlobalSection(ExtensibilityGlobals) = postSolution
		SolutionGuid = {7290143A-AE8E-4147-8A4E-45E1EF22C4FB}
	EndGlobalSection
EndGlobal
