
Microsoft Visual Studio Solution File, Format Version 12.00
# Visual Studio Version 16
VisualStudioVersion = 16.0.30621.155
MinimumVisualStudioVersion = 10.0.40219.1
Project("{FAE04EC0-301F-11D3-BF4B-00C04F79EFBC}") = "14AnimationsE1", "14AnimationsE1\14AnimationsE1.csproj", "{B9F4B3A9-9A80-40A8-9A16-2A822FECE8FE}"
EndProject
Project("{FAE04EC0-301F-11D3-BF4B-00C04F79EFBC}") = "14AnimationsE2", "14AnimationsE2\14AnimationsE2.csproj", "{E6612E5E-A45E-499C-9F5B-3C7C16ED07B4}"
EndProject
Project("{FAE04EC0-301F-11D3-BF4B-00C04F79EFBC}") = "14AnimationsE3", "14AnimationsE3\14AnimationsE3.csproj", "{BB1DD12C-E51C-4C6F-94C7-FE150F5A7CF2}"
EndProject
Project("{FAE04EC0-301F-11D3-BF4B-00C04F79EFBC}") = "14AnimationsE4", "14AnimationsE4\14AnimationsE4.csproj", "{731552C0-0427-4E90-8752-42E34AB6BD5B}"
EndProject
Global
	GlobalSection(SolutionConfigurationPlatforms) = preSolution
		Debug|ARM = Debug|ARM
		Debug|ARM64 = Debug|ARM64
		Debug|x64 = Debug|x64
		Debug|x86 = Debug|x86
		Release|ARM = Release|ARM
		Release|ARM64 = Release|ARM64
		Release|x64 = Release|x64
		Release|x86 = Release|x86
	EndGlobalSection
	GlobalSection(ProjectConfigurationPlatforms) = postSolution
		{B9F4B3A9-9A80-40A8-9A16-2A822FECE8FE}.Debug|ARM.ActiveCfg = Debug|ARM
		{B9F4B3A9-9A80-40A8-9A16-2A822FECE8FE}.Debug|ARM.Build.0 = Debug|ARM
		{B9F4B3A9-9A80-40A8-9A16-2A822FECE8FE}.Debug|ARM.Deploy.0 = Debug|ARM
		{B9F4B3A9-9A80-40A8-9A16-2A822FECE8FE}.Debug|ARM64.ActiveCfg = Debug|ARM64
		{B9F4B3A9-9A80-40A8-9A16-2A822FECE8FE}.Debug|ARM64.Build.0 = Debug|ARM64
		{B9F4B3A9-9A80-40A8-9A16-2A822FECE8FE}.Debug|ARM64.Deploy.0 = Debug|ARM64
		{B9F4B3A9-9A80-40A8-9A16-2A822FECE8FE}.Debug|x64.ActiveCfg = Debug|x64
		{B9F4B3A9-9A80-40A8-9A16-2A822FECE8FE}.Debug|x64.Build.0 = Debug|x64
		{B9F4B3A9-9A80-40A8-9A16-2A822FECE8FE}.Debug|x64.Deploy.0 = Debug|x64
		{B9F4B3A9-9A80-40A8-9A16-2A822FECE8FE}.Debug|x86.ActiveCfg = Debug|x86
		{B9F4B3A9-9A80-40A8-9A16-2A822FECE8FE}.Debug|x86.Build.0 = Debug|x86
		{B9F4B3A9-9A80-40A8-9A16-2A822FECE8FE}.Debug|x86.Deploy.0 = Debug|x86
		{B9F4B3A9-9A80-40A8-9A16-2A822FECE8FE}.Release|ARM.ActiveCfg = Release|ARM
		{B9F4B3A9-9A80-40A8-9A16-2A822FECE8FE}.Release|ARM.Build.0 = Release|ARM
		{B9F4B3A9-9A80-40A8-9A16-2A822FECE8FE}.Release|ARM.Deploy.0 = Release|ARM
		{B9F4B3A9-9A80-40A8-9A16-2A822FECE8FE}.Release|ARM64.ActiveCfg = Release|ARM64
		{B9F4B3A9-9A80-40A8-9A16-2A822FECE8FE}.Release|ARM64.Build.0 = Release|ARM64
		{B9F4B3A9-9A80-40A8-9A16-2A822FECE8FE}.Release|ARM64.Deploy.0 = Release|ARM64
		{B9F4B3A9-9A80-40A8-9A16-2A822FECE8FE}.Release|x64.ActiveCfg = Release|x64
		{B9F4B3A9-9A80-40A8-9A16-2A822FECE8FE}.Release|x64.Build.0 = Release|x64
		{B9F4B3A9-9A80-40A8-9A16-2A822FECE8FE}.Release|x64.Deploy.0 = Release|x64
		{B9F4B3A9-9A80-40A8-9A16-2A822FECE8FE}.Release|x86.ActiveCfg = Release|x86
		{B9F4B3A9-9A80-40A8-9A16-2A822FECE8FE}.Release|x86.Build.0 = Release|x86
		{B9F4B3A9-9A80-40A8-9A16-2A822FECE8FE}.Release|x86.Deploy.0 = Release|x86
		{E6612E5E-A45E-499C-9F5B-3C7C16ED07B4}.Debug|ARM.ActiveCfg = Debug|ARM
		{E6612E5E-A45E-499C-9F5B-3C7C16ED07B4}.Debug|ARM.Build.0 = Debug|ARM
		{E6612E5E-A45E-499C-9F5B-3C7C16ED07B4}.Debug|ARM.Deploy.0 = Debug|ARM
		{E6612E5E-A45E-499C-9F5B-3C7C16ED07B4}.Debug|ARM64.ActiveCfg = Debug|ARM64
		{E6612E5E-A45E-499C-9F5B-3C7C16ED07B4}.Debug|ARM64.Build.0 = Debug|ARM64
		{E6612E5E-A45E-499C-9F5B-3C7C16ED07B4}.Debug|ARM64.Deploy.0 = Debug|ARM64
		{E6612E5E-A45E-499C-9F5B-3C7C16ED07B4}.Debug|x64.ActiveCfg = Debug|x64
		{E6612E5E-A45E-499C-9F5B-3C7C16ED07B4}.Debug|x64.Build.0 = Debug|x64
		{E6612E5E-A45E-499C-9F5B-3C7C16ED07B4}.Debug|x64.Deploy.0 = Debug|x64
		{E6612E5E-A45E-499C-9F5B-3C7C16ED07B4}.Debug|x86.ActiveCfg = Debug|x86
		{E6612E5E-A45E-499C-9F5B-3C7C16ED07B4}.Debug|x86.Build.0 = Debug|x86
		{E6612E5E-A45E-499C-9F5B-3C7C16ED07B4}.Debug|x86.Deploy.0 = Debug|x86
		{E6612E5E-A45E-499C-9F5B-3C7C16ED07B4}.Release|ARM.ActiveCfg = Release|ARM
		{E6612E5E-A45E-499C-9F5B-3C7C16ED07B4}.Release|ARM.Build.0 = Release|ARM
		{E6612E5E-A45E-499C-9F5B-3C7C16ED07B4}.Release|ARM.Deploy.0 = Release|ARM
		{E6612E5E-A45E-499C-9F5B-3C7C16ED07B4}.Release|ARM64.ActiveCfg = Release|ARM64
		{E6612E5E-A45E-499C-9F5B-3C7C16ED07B4}.Release|ARM64.Build.0 = Release|ARM64
		{E6612E5E-A45E-499C-9F5B-3C7C16ED07B4}.Release|ARM64.Deploy.0 = Release|ARM64
		{E6612E5E-A45E-499C-9F5B-3C7C16ED07B4}.Release|x64.ActiveCfg = Release|x64
		{E6612E5E-A45E-499C-9F5B-3C7C16ED07B4}.Release|x64.Build.0 = Release|x64
		{E6612E5E-A45E-499C-9F5B-3C7C16ED07B4}.Release|x64.Deploy.0 = Release|x64
		{E6612E5E-A45E-499C-9F5B-3C7C16ED07B4}.Release|x86.ActiveCfg = Release|x86
		{E6612E5E-A45E-499C-9F5B-3C7C16ED07B4}.Release|x86.Build.0 = Release|x86
		{E6612E5E-A45E-499C-9F5B-3C7C16ED07B4}.Release|x86.Deploy.0 = Release|x86
		{BB1DD12C-E51C-4C6F-94C7-FE150F5A7CF2}.Debug|ARM.ActiveCfg = Debug|ARM
		{BB1DD12C-E51C-4C6F-94C7-FE150F5A7CF2}.Debug|ARM.Build.0 = Debug|ARM
		{BB1DD12C-E51C-4C6F-94C7-FE150F5A7CF2}.Debug|ARM.Deploy.0 = Debug|ARM
		{BB1DD12C-E51C-4C6F-94C7-FE150F5A7CF2}.Debug|ARM64.ActiveCfg = Debug|ARM64
		{BB1DD12C-E51C-4C6F-94C7-FE150F5A7CF2}.Debug|ARM64.Build.0 = Debug|ARM64
		{BB1DD12C-E51C-4C6F-94C7-FE150F5A7CF2}.Debug|ARM64.Deploy.0 = Debug|ARM64
		{BB1DD12C-E51C-4C6F-94C7-FE150F5A7CF2}.Debug|x64.ActiveCfg = Debug|x64
		{BB1DD12C-E51C-4C6F-94C7-FE150F5A7CF2}.Debug|x64.Build.0 = Debug|x64
		{BB1DD12C-E51C-4C6F-94C7-FE150F5A7CF2}.Debug|x64.Deploy.0 = Debug|x64
		{BB1DD12C-E51C-4C6F-94C7-FE150F5A7CF2}.Debug|x86.ActiveCfg = Debug|x86
		{BB1DD12C-E51C-4C6F-94C7-FE150F5A7CF2}.Debug|x86.Build.0 = Debug|x86
		{BB1DD12C-E51C-4C6F-94C7-FE150F5A7CF2}.Debug|x86.Deploy.0 = Debug|x86
		{BB1DD12C-E51C-4C6F-94C7-FE150F5A7CF2}.Release|ARM.ActiveCfg = Release|ARM
		{BB1DD12C-E51C-4C6F-94C7-FE150F5A7CF2}.Release|ARM.Build.0 = Release|ARM
		{BB1DD12C-E51C-4C6F-94C7-FE150F5A7CF2}.Release|ARM.Deploy.0 = Release|ARM
		{BB1DD12C-E51C-4C6F-94C7-FE150F5A7CF2}.Release|ARM64.ActiveCfg = Release|ARM64
		{BB1DD12C-E51C-4C6F-94C7-FE150F5A7CF2}.Release|ARM64.Build.0 = Release|ARM64
		{BB1DD12C-E51C-4C6F-94C7-FE150F5A7CF2}.Release|ARM64.Deploy.0 = Release|ARM64
		{BB1DD12C-E51C-4C6F-94C7-FE150F5A7CF2}.Release|x64.ActiveCfg = Release|x64
		{BB1DD12C-E51C-4C6F-94C7-FE150F5A7CF2}.Release|x64.Build.0 = Release|x64
		{BB1DD12C-E51C-4C6F-94C7-FE150F5A7CF2}.Release|x64.Deploy.0 = Release|x64
		{BB1DD12C-E51C-4C6F-94C7-FE150F5A7CF2}.Release|x86.ActiveCfg = Release|x86
		{BB1DD12C-E51C-4C6F-94C7-FE150F5A7CF2}.Release|x86.Build.0 = Release|x86
		{BB1DD12C-E51C-4C6F-94C7-FE150F5A7CF2}.Release|x86.Deploy.0 = Release|x86
		{731552C0-0427-4E90-8752-42E34AB6BD5B}.Debug|ARM.ActiveCfg = Debug|ARM
		{731552C0-0427-4E90-8752-42E34AB6BD5B}.Debug|ARM.Build.0 = Debug|ARM
		{731552C0-0427-4E90-8752-42E34AB6BD5B}.Debug|ARM.Deploy.0 = Debug|ARM
		{731552C0-0427-4E90-8752-42E34AB6BD5B}.Debug|ARM64.ActiveCfg = Debug|ARM64
		{731552C0-0427-4E90-8752-42E34AB6BD5B}.Debug|ARM64.Build.0 = Debug|ARM64
		{731552C0-0427-4E90-8752-42E34AB6BD5B}.Debug|ARM64.Deploy.0 = Debug|ARM64
		{731552C0-0427-4E90-8752-42E34AB6BD5B}.Debug|x64.ActiveCfg = Debug|x64
		{731552C0-0427-4E90-8752-42E34AB6BD5B}.Debug|x64.Build.0 = Debug|x64
		{731552C0-0427-4E90-8752-42E34AB6BD5B}.Debug|x64.Deploy.0 = Debug|x64
		{731552C0-0427-4E90-8752-42E34AB6BD5B}.Debug|x86.ActiveCfg = Debug|x86
		{731552C0-0427-4E90-8752-42E34AB6BD5B}.Debug|x86.Build.0 = Debug|x86
		{731552C0-0427-4E90-8752-42E34AB6BD5B}.Debug|x86.Deploy.0 = Debug|x86
		{731552C0-0427-4E90-8752-42E34AB6BD5B}.Release|ARM.ActiveCfg = Release|ARM
		{731552C0-0427-4E90-8752-42E34AB6BD5B}.Release|ARM.Build.0 = Release|ARM
		{731552C0-0427-4E90-8752-42E34AB6BD5B}.Release|ARM.Deploy.0 = Release|ARM
		{731552C0-0427-4E90-8752-42E34AB6BD5B}.Release|ARM64.ActiveCfg = Release|ARM64
		{731552C0-0427-4E90-8752-42E34AB6BD5B}.Release|ARM64.Build.0 = Release|ARM64
		{731552C0-0427-4E90-8752-42E34AB6BD5B}.Release|ARM64.Deploy.0 = Release|ARM64
		{731552C0-0427-4E90-8752-42E34AB6BD5B}.Release|x64.ActiveCfg = Release|x64
		{731552C0-0427-4E90-8752-42E34AB6BD5B}.Release|x64.Build.0 = Release|x64
		{731552C0-0427-4E90-8752-42E34AB6BD5B}.Release|x64.Deploy.0 = Release|x64
		{731552C0-0427-4E90-8752-42E34AB6BD5B}.Release|x86.ActiveCfg = Release|x86
		{731552C0-0427-4E90-8752-42E34AB6BD5B}.Release|x86.Build.0 = Release|x86
		{731552C0-0427-4E90-8752-42E34AB6BD5B}.Release|x86.Deploy.0 = Release|x86
	EndGlobalSection
	GlobalSection(SolutionProperties) = preSolution
		HideSolutionNode = FALSE
	EndGlobalSection
	GlobalSection(ExtensibilityGlobals) = postSolution
		SolutionGuid = {EDB52C1A-5467-4136-8EDD-AF06704132FD}
	EndGlobalSection
EndGlobal
