
Microsoft Visual Studio Solution File, Format Version 12.00
# Visual Studio Version 16
VisualStudioVersion = 16.0.30517.126
MinimumVisualStudioVersion = 10.0.40219.1
Project("{FAE04EC0-301F-11D3-BF4B-00C04F79EFBC}") = "15HelloWorldXamarinUI.UWP", "15HelloWorldXamarinUI\15HelloWorldXamarinUI.UWP\15HelloWorldXamarinUI.UWP.csproj", "{D7C2AAB6-458F-4450-AB88-E2D8874329B5}"
EndProject
Project("{FAE04EC0-301F-11D3-BF4B-00C04F79EFBC}") = "15HelloWorldXamarinUI.Android", "15HelloWorldXamarinUI\15HelloWorldXamarinUI.Android\15HelloWorldXamarinUI.Android.csproj", "{EBDB69C8-1F28-4E7B-9AD8-635F5C38C6F6}"
EndProject
Project("{FAE04EC0-301F-11D3-BF4B-00C04F79EFBC}") = "15HelloWorldXamarinUI.iOS", "15HelloWorldXamarinUI\15HelloWorldXamarinUI.iOS\15HelloWorldXamarinUI.iOS.csproj", "{CC461362-B1BA-49F2-8DAB-AECAFE1B1EFD}"
EndProject
Project("{FAE04EC0-301F-11D3-BF4B-00C04F79EFBC}") = "15HelloWorldXamarinUI", "15HelloWorldXamarinUI\15HelloWorldXamarinUI\15HelloWorldXamarinUI.csproj", "{C40FF0CC-E0D2-4C0F-9492-9A3CD7FB8C7D}"
EndProject
Global
	GlobalSection(SolutionConfigurationPlatforms) = preSolution
		Debug|Any CPU = Debug|Any CPU
		Debug|ARM = Debug|ARM
		Debug|iPhone = Debug|iPhone
		Debug|iPhoneSimulator = Debug|iPhoneSimulator
		Debug|x64 = Debug|x64
		Debug|x86 = Debug|x86
		Release|Any CPU = Release|Any CPU
		Release|ARM = Release|ARM
		Release|iPhone = Release|iPhone
		Release|iPhoneSimulator = Release|iPhoneSimulator
		Release|x64 = Release|x64
		Release|x86 = Release|x86
	EndGlobalSection
	GlobalSection(ProjectConfigurationPlatforms) = postSolution
		{D7C2AAB6-458F-4450-AB88-E2D8874329B5}.Debug|Any CPU.ActiveCfg = Debug|x86
		{D7C2AAB6-458F-4450-AB88-E2D8874329B5}.Debug|Any CPU.Build.0 = Debug|x86
		{D7C2AAB6-458F-4450-AB88-E2D8874329B5}.Debug|Any CPU.Deploy.0 = Debug|x86
		{D7C2AAB6-458F-4450-AB88-E2D8874329B5}.Debug|ARM.ActiveCfg = Debug|ARM
		{D7C2AAB6-458F-4450-AB88-E2D8874329B5}.Debug|ARM.Build.0 = Debug|ARM
		{D7C2AAB6-458F-4450-AB88-E2D8874329B5}.Debug|ARM.Deploy.0 = Debug|ARM
		{D7C2AAB6-458F-4450-AB88-E2D8874329B5}.Debug|iPhone.ActiveCfg = Debug|x86
		{D7C2AAB6-458F-4450-AB88-E2D8874329B5}.Debug|iPhone.Build.0 = Debug|x86
		{D7C2AAB6-458F-4450-AB88-E2D8874329B5}.Debug|iPhone.Deploy.0 = Debug|x86
		{D7C2AAB6-458F-4450-AB88-E2D8874329B5}.Debug|iPhoneSimulator.ActiveCfg = Debug|x86
		{D7C2AAB6-458F-4450-AB88-E2D8874329B5}.Debug|iPhoneSimulator.Build.0 = Debug|x86
		{D7C2AAB6-458F-4450-AB88-E2D8874329B5}.Debug|iPhoneSimulator.Deploy.0 = Debug|x86
		{D7C2AAB6-458F-4450-AB88-E2D8874329B5}.Debug|x64.ActiveCfg = Debug|x64
		{D7C2AAB6-458F-4450-AB88-E2D8874329B5}.Debug|x64.Build.0 = Debug|x64
		{D7C2AAB6-458F-4450-AB88-E2D8874329B5}.Debug|x64.Deploy.0 = Debug|x64
		{D7C2AAB6-458F-4450-AB88-E2D8874329B5}.Debug|x86.ActiveCfg = Debug|x86
		{D7C2AAB6-458F-4450-AB88-E2D8874329B5}.Debug|x86.Build.0 = Debug|x86
		{D7C2AAB6-458F-4450-AB88-E2D8874329B5}.Debug|x86.Deploy.0 = Debug|x86
		{D7C2AAB6-458F-4450-AB88-E2D8874329B5}.Release|Any CPU.ActiveCfg = Release|x86
		{D7C2AAB6-458F-4450-AB88-E2D8874329B5}.Release|Any CPU.Build.0 = Release|x86
		{D7C2AAB6-458F-4450-AB88-E2D8874329B5}.Release|Any CPU.Deploy.0 = Release|x86
		{D7C2AAB6-458F-4450-AB88-E2D8874329B5}.Release|ARM.ActiveCfg = Release|ARM
		{D7C2AAB6-458F-4450-AB88-E2D8874329B5}.Release|ARM.Build.0 = Release|ARM
		{D7C2AAB6-458F-4450-AB88-E2D8874329B5}.Release|ARM.Deploy.0 = Release|ARM
		{D7C2AAB6-458F-4450-AB88-E2D8874329B5}.Release|iPhone.ActiveCfg = Release|x86
		{D7C2AAB6-458F-4450-AB88-E2D8874329B5}.Release|iPhone.Build.0 = Release|x86
		{D7C2AAB6-458F-4450-AB88-E2D8874329B5}.Release|iPhone.Deploy.0 = Release|x86
		{D7C2AAB6-458F-4450-AB88-E2D8874329B5}.Release|iPhoneSimulator.ActiveCfg = Release|x86
		{D7C2AAB6-458F-4450-AB88-E2D8874329B5}.Release|iPhoneSimulator.Build.0 = Release|x86
		{D7C2AAB6-458F-4450-AB88-E2D8874329B5}.Release|iPhoneSimulator.Deploy.0 = Release|x86
		{D7C2AAB6-458F-4450-AB88-E2D8874329B5}.Release|x64.ActiveCfg = Release|x64
		{D7C2AAB6-458F-4450-AB88-E2D8874329B5}.Release|x64.Build.0 = Release|x64
		{D7C2AAB6-458F-4450-AB88-E2D8874329B5}.Release|x64.Deploy.0 = Release|x64
		{D7C2AAB6-458F-4450-AB88-E2D8874329B5}.Release|x86.ActiveCfg = Release|x86
		{D7C2AAB6-458F-4450-AB88-E2D8874329B5}.Release|x86.Build.0 = Release|x86
		{D7C2AAB6-458F-4450-AB88-E2D8874329B5}.Release|x86.Deploy.0 = Release|x86
		{EBDB69C8-1F28-4E7B-9AD8-635F5C38C6F6}.Debug|Any CPU.ActiveCfg = Debug|Any CPU
		{EBDB69C8-1F28-4E7B-9AD8-635F5C38C6F6}.Debug|Any CPU.Build.0 = Debug|Any CPU
		{EBDB69C8-1F28-4E7B-9AD8-635F5C38C6F6}.Debug|Any CPU.Deploy.0 = Debug|Any CPU
		{EBDB69C8-1F28-4E7B-9AD8-635F5C38C6F6}.Debug|ARM.ActiveCfg = Debug|Any CPU
		{EBDB69C8-1F28-4E7B-9AD8-635F5C38C6F6}.Debug|ARM.Build.0 = Debug|Any CPU
		{EBDB69C8-1F28-4E7B-9AD8-635F5C38C6F6}.Debug|ARM.Deploy.0 = Debug|Any CPU
		{EBDB69C8-1F28-4E7B-9AD8-635F5C38C6F6}.Debug|iPhone.ActiveCfg = Debug|Any CPU
		{EBDB69C8-1F28-4E7B-9AD8-635F5C38C6F6}.Debug|iPhone.Build.0 = Debug|Any CPU
		{EBDB69C8-1F28-4E7B-9AD8-635F5C38C6F6}.Debug|iPhone.Deploy.0 = Debug|Any CPU
		{EBDB69C8-1F28-4E7B-9AD8-635F5C38C6F6}.Debug|iPhoneSimulator.ActiveCfg = Debug|Any CPU
		{EBDB69C8-1F28-4E7B-9AD8-635F5C38C6F6}.Debug|iPhoneSimulator.Build.0 = Debug|Any CPU
		{EBDB69C8-1F28-4E7B-9AD8-635F5C38C6F6}.Debug|iPhoneSimulator.Deploy.0 = Debug|Any CPU
		{EBDB69C8-1F28-4E7B-9AD8-635F5C38C6F6}.Debug|x64.ActiveCfg = Debug|Any CPU
		{EBDB69C8-1F28-4E7B-9AD8-635F5C38C6F6}.Debug|x64.Build.0 = Debug|Any CPU
		{EBDB69C8-1F28-4E7B-9AD8-635F5C38C6F6}.Debug|x64.Deploy.0 = Debug|Any CPU
		{EBDB69C8-1F28-4E7B-9AD8-635F5C38C6F6}.Debug|x86.ActiveCfg = Debug|Any CPU
		{EBDB69C8-1F28-4E7B-9AD8-635F5C38C6F6}.Debug|x86.Build.0 = Debug|Any CPU
		{EBDB69C8-1F28-4E7B-9AD8-635F5C38C6F6}.Debug|x86.Deploy.0 = Debug|Any CPU
		{EBDB69C8-1F28-4E7B-9AD8-635F5C38C6F6}.Release|Any CPU.ActiveCfg = Release|Any CPU
		{EBDB69C8-1F28-4E7B-9AD8-635F5C38C6F6}.Release|Any CPU.Build.0 = Release|Any CPU
		{EBDB69C8-1F28-4E7B-9AD8-635F5C38C6F6}.Release|Any CPU.Deploy.0 = Release|Any CPU
		{EBDB69C8-1F28-4E7B-9AD8-635F5C38C6F6}.Release|ARM.ActiveCfg = Release|Any CPU
		{EBDB69C8-1F28-4E7B-9AD8-635F5C38C6F6}.Release|ARM.Build.0 = Release|Any CPU
		{EBDB69C8-1F28-4E7B-9AD8-635F5C38C6F6}.Release|ARM.Deploy.0 = Release|Any CPU
		{EBDB69C8-1F28-4E7B-9AD8-635F5C38C6F6}.Release|iPhone.ActiveCfg = Release|Any CPU
		{EBDB69C8-1F28-4E7B-9AD8-635F5C38C6F6}.Release|iPhone.Build.0 = Release|Any CPU
		{EBDB69C8-1F28-4E7B-9AD8-635F5C38C6F6}.Release|iPhone.Deploy.0 = Release|Any CPU
		{EBDB69C8-1F28-4E7B-9AD8-635F5C38C6F6}.Release|iPhoneSimulator.ActiveCfg = Release|Any CPU
		{EBDB69C8-1F28-4E7B-9AD8-635F5C38C6F6}.Release|iPhoneSimulator.Build.0 = Release|Any CPU
		{EBDB69C8-1F28-4E7B-9AD8-635F5C38C6F6}.Release|iPhoneSimulator.Deploy.0 = Release|Any CPU
		{EBDB69C8-1F28-4E7B-9AD8-635F5C38C6F6}.Release|x64.ActiveCfg = Release|Any CPU
		{EBDB69C8-1F28-4E7B-9AD8-635F5C38C6F6}.Release|x64.Build.0 = Release|Any CPU
		{EBDB69C8-1F28-4E7B-9AD8-635F5C38C6F6}.Release|x64.Deploy.0 = Release|Any CPU
		{EBDB69C8-1F28-4E7B-9AD8-635F5C38C6F6}.Release|x86.ActiveCfg = Release|Any CPU
		{EBDB69C8-1F28-4E7B-9AD8-635F5C38C6F6}.Release|x86.Build.0 = Release|Any CPU
		{EBDB69C8-1F28-4E7B-9AD8-635F5C38C6F6}.Release|x86.Deploy.0 = Release|Any CPU
		{CC461362-B1BA-49F2-8DAB-AECAFE1B1EFD}.Debug|Any CPU.ActiveCfg = Debug|iPhoneSimulator
		{CC461362-B1BA-49F2-8DAB-AECAFE1B1EFD}.Debug|Any CPU.Build.0 = Debug|iPhoneSimulator
		{CC461362-B1BA-49F2-8DAB-AECAFE1B1EFD}.Debug|Any CPU.Deploy.0 = Debug|iPhoneSimulator
		{CC461362-B1BA-49F2-8DAB-AECAFE1B1EFD}.Debug|ARM.ActiveCfg = Debug|iPhone
		{CC461362-B1BA-49F2-8DAB-AECAFE1B1EFD}.Debug|ARM.Build.0 = Debug|iPhone
		{CC461362-B1BA-49F2-8DAB-AECAFE1B1EFD}.Debug|ARM.Deploy.0 = Debug|iPhone
		{CC461362-B1BA-49F2-8DAB-AECAFE1B1EFD}.Debug|iPhone.ActiveCfg = Debug|iPhone
		{CC461362-B1BA-49F2-8DAB-AECAFE1B1EFD}.Debug|iPhone.Build.0 = Debug|iPhone
		{CC461362-B1BA-49F2-8DAB-AECAFE1B1EFD}.Debug|iPhone.Deploy.0 = Debug|iPhone
		{CC461362-B1BA-49F2-8DAB-AECAFE1B1EFD}.Debug|iPhoneSimulator.ActiveCfg = Debug|iPhoneSimulator
		{CC461362-B1BA-49F2-8DAB-AECAFE1B1EFD}.Debug|iPhoneSimulator.Build.0 = Debug|iPhoneSimulator
		{CC461362-B1BA-49F2-8DAB-AECAFE1B1EFD}.Debug|iPhoneSimulator.Deploy.0 = Debug|iPhoneSimulator
		{CC461362-B1BA-49F2-8DAB-AECAFE1B1EFD}.Debug|x64.ActiveCfg = Debug|iPhoneSimulator
		{CC461362-B1BA-49F2-8DAB-AECAFE1B1EFD}.Debug|x64.Build.0 = Debug|iPhoneSimulator
		{CC461362-B1BA-49F2-8DAB-AECAFE1B1EFD}.Debug|x64.Deploy.0 = Debug|iPhoneSimulator
		{CC461362-B1BA-49F2-8DAB-AECAFE1B1EFD}.Debug|x86.ActiveCfg = Debug|iPhoneSimulator
		{CC461362-B1BA-49F2-8DAB-AECAFE1B1EFD}.Debug|x86.Build.0 = Debug|iPhoneSimulator
		{CC461362-B1BA-49F2-8DAB-AECAFE1B1EFD}.Debug|x86.Deploy.0 = Debug|iPhoneSimulator
		{CC461362-B1BA-49F2-8DAB-AECAFE1B1EFD}.Release|Any CPU.ActiveCfg = Release|iPhoneSimulator
		{CC461362-B1BA-49F2-8DAB-AECAFE1B1EFD}.Release|Any CPU.Build.0 = Release|iPhoneSimulator
		{CC461362-B1BA-49F2-8DAB-AECAFE1B1EFD}.Release|Any CPU.Deploy.0 = Release|iPhoneSimulator
		{CC461362-B1BA-49F2-8DAB-AECAFE1B1EFD}.Release|ARM.ActiveCfg = Release|iPhoneSimulator
		{CC461362-B1BA-49F2-8DAB-AECAFE1B1EFD}.Release|ARM.Build.0 = Release|iPhoneSimulator
		{CC461362-B1BA-49F2-8DAB-AECAFE1B1EFD}.Release|ARM.Deploy.0 = Release|iPhoneSimulator
		{CC461362-B1BA-49F2-8DAB-AECAFE1B1EFD}.Release|iPhone.ActiveCfg = Release|iPhone
		{CC461362-B1BA-49F2-8DAB-AECAFE1B1EFD}.Release|iPhone.Build.0 = Release|iPhone
		{CC461362-B1BA-49F2-8DAB-AECAFE1B1EFD}.Release|iPhone.Deploy.0 = Release|iPhone
		{CC461362-B1BA-49F2-8DAB-AECAFE1B1EFD}.Release|iPhoneSimulator.ActiveCfg = Release|iPhoneSimulator
		{CC461362-B1BA-49F2-8DAB-AECAFE1B1EFD}.Release|iPhoneSimulator.Build.0 = Release|iPhoneSimulator
		{CC461362-B1BA-49F2-8DAB-AECAFE1B1EFD}.Release|iPhoneSimulator.Deploy.0 = Release|iPhoneSimulator
		{CC461362-B1BA-49F2-8DAB-AECAFE1B1EFD}.Release|x64.ActiveCfg = Release|iPhoneSimulator
		{CC461362-B1BA-49F2-8DAB-AECAFE1B1EFD}.Release|x64.Build.0 = Release|iPhoneSimulator
		{CC461362-B1BA-49F2-8DAB-AECAFE1B1EFD}.Release|x64.Deploy.0 = Release|iPhoneSimulator
		{CC461362-B1BA-49F2-8DAB-AECAFE1B1EFD}.Release|x86.ActiveCfg = Release|iPhoneSimulator
		{CC461362-B1BA-49F2-8DAB-AECAFE1B1EFD}.Release|x86.Build.0 = Release|iPhoneSimulator
		{CC461362-B1BA-49F2-8DAB-AECAFE1B1EFD}.Release|x86.Deploy.0 = Release|iPhoneSimulator
		{C40FF0CC-E0D2-4C0F-9492-9A3CD7FB8C7D}.Debug|Any CPU.ActiveCfg = Debug|Any CPU
		{C40FF0CC-E0D2-4C0F-9492-9A3CD7FB8C7D}.Debug|Any CPU.Build.0 = Debug|Any CPU
		{C40FF0CC-E0D2-4C0F-9492-9A3CD7FB8C7D}.Debug|Any CPU.Deploy.0 = Debug|Any CPU
		{C40FF0CC-E0D2-4C0F-9492-9A3CD7FB8C7D}.Debug|ARM.ActiveCfg = Debug|Any CPU
		{C40FF0CC-E0D2-4C0F-9492-9A3CD7FB8C7D}.Debug|ARM.Build.0 = Debug|Any CPU
		{C40FF0CC-E0D2-4C0F-9492-9A3CD7FB8C7D}.Debug|ARM.Deploy.0 = Debug|Any CPU
		{C40FF0CC-E0D2-4C0F-9492-9A3CD7FB8C7D}.Debug|iPhone.ActiveCfg = Debug|Any CPU
		{C40FF0CC-E0D2-4C0F-9492-9A3CD7FB8C7D}.Debug|iPhone.Build.0 = Debug|Any CPU
		{C40FF0CC-E0D2-4C0F-9492-9A3CD7FB8C7D}.Debug|iPhone.Deploy.0 = Debug|Any CPU
		{C40FF0CC-E0D2-4C0F-9492-9A3CD7FB8C7D}.Debug|iPhoneSimulator.ActiveCfg = Debug|Any CPU
		{C40FF0CC-E0D2-4C0F-9492-9A3CD7FB8C7D}.Debug|iPhoneSimulator.Build.0 = Debug|Any CPU
		{C40FF0CC-E0D2-4C0F-9492-9A3CD7FB8C7D}.Debug|iPhoneSimulator.Deploy.0 = Debug|Any CPU
		{C40FF0CC-E0D2-4C0F-9492-9A3CD7FB8C7D}.Debug|x64.ActiveCfg = Debug|Any CPU
		{C40FF0CC-E0D2-4C0F-9492-9A3CD7FB8C7D}.Debug|x64.Build.0 = Debug|Any CPU
		{C40FF0CC-E0D2-4C0F-9492-9A3CD7FB8C7D}.Debug|x64.Deploy.0 = Debug|Any CPU
		{C40FF0CC-E0D2-4C0F-9492-9A3CD7FB8C7D}.Debug|x86.ActiveCfg = Debug|Any CPU
		{C40FF0CC-E0D2-4C0F-9492-9A3CD7FB8C7D}.Debug|x86.Build.0 = Debug|Any CPU
		{C40FF0CC-E0D2-4C0F-9492-9A3CD7FB8C7D}.Debug|x86.Deploy.0 = Debug|Any CPU
		{C40FF0CC-E0D2-4C0F-9492-9A3CD7FB8C7D}.Release|Any CPU.ActiveCfg = Release|Any CPU
		{C40FF0CC-E0D2-4C0F-9492-9A3CD7FB8C7D}.Release|Any CPU.Build.0 = Release|Any CPU
		{C40FF0CC-E0D2-4C0F-9492-9A3CD7FB8C7D}.Release|Any CPU.Deploy.0 = Release|Any CPU
		{C40FF0CC-E0D2-4C0F-9492-9A3CD7FB8C7D}.Release|ARM.ActiveCfg = Release|Any CPU
		{C40FF0CC-E0D2-4C0F-9492-9A3CD7FB8C7D}.Release|ARM.Build.0 = Release|Any CPU
		{C40FF0CC-E0D2-4C0F-9492-9A3CD7FB8C7D}.Release|ARM.Deploy.0 = Release|Any CPU
		{C40FF0CC-E0D2-4C0F-9492-9A3CD7FB8C7D}.Release|iPhone.ActiveCfg = Release|Any CPU
		{C40FF0CC-E0D2-4C0F-9492-9A3CD7FB8C7D}.Release|iPhone.Build.0 = Release|Any CPU
		{C40FF0CC-E0D2-4C0F-9492-9A3CD7FB8C7D}.Release|iPhone.Deploy.0 = Release|Any CPU
		{C40FF0CC-E0D2-4C0F-9492-9A3CD7FB8C7D}.Release|iPhoneSimulator.ActiveCfg = Release|Any CPU
		{C40FF0CC-E0D2-4C0F-9492-9A3CD7FB8C7D}.Release|iPhoneSimulator.Build.0 = Release|Any CPU
		{C40FF0CC-E0D2-4C0F-9492-9A3CD7FB8C7D}.Release|iPhoneSimulator.Deploy.0 = Release|Any CPU
		{C40FF0CC-E0D2-4C0F-9492-9A3CD7FB8C7D}.Release|x64.ActiveCfg = Release|Any CPU
		{C40FF0CC-E0D2-4C0F-9492-9A3CD7FB8C7D}.Release|x64.Build.0 = Release|Any CPU
		{C40FF0CC-E0D2-4C0F-9492-9A3CD7FB8C7D}.Release|x64.Deploy.0 = Release|Any CPU
		{C40FF0CC-E0D2-4C0F-9492-9A3CD7FB8C7D}.Release|x86.ActiveCfg = Release|Any CPU
		{C40FF0CC-E0D2-4C0F-9492-9A3CD7FB8C7D}.Release|x86.Build.0 = Release|Any CPU
		{C40FF0CC-E0D2-4C0F-9492-9A3CD7FB8C7D}.Release|x86.Deploy.0 = Release|Any CPU
	EndGlobalSection
	GlobalSection(SolutionProperties) = preSolution
		HideSolutionNode = FALSE
	EndGlobalSection
	GlobalSection(ExtensibilityGlobals) = postSolution
		SolutionGuid = {851BF1B9-B495-40BD-9E5C-C709368CE70D}
	EndGlobalSection
EndGlobal
